
Microsoft Visual Studio Solution File, Format Version 12.00
# Visual Studio 15
VisualStudioVersion = 15.0.28307.168
MinimumVisualStudioVersion = 10.0.40219.1
Project("{FAE04EC0-301F-11D3-BF4B-00C04F79EFBC}") = "App01_ConsultarCEP.Android", "App01_ConsultarCEP\App01_ConsultarCEP.Android\App01_ConsultarCEP.Android.csproj", "{2144FE7A-36AF-42DB-8FF8-E735B7EC9A2C}"
EndProject
Project("{FAE04EC0-301F-11D3-BF4B-00C04F79EFBC}") = "App01_ConsultarCEP.iOS", "App01_ConsultarCEP\App01_ConsultarCEP.iOS\App01_ConsultarCEP.iOS.csproj", "{B6F6E499-421A-49A6-8581-E877E15E2090}"
EndProject
Project("{FAE04EC0-301F-11D3-BF4B-00C04F79EFBC}") = "App01_ConsultarCEP.UWP", "App01_ConsultarCEP\App01_ConsultarCEP.UWP\App01_ConsultarCEP.UWP.csproj", "{4BA9300A-894E-4E1D-A200-60A53D891E1B}"
EndProject
Project("{FAE04EC0-301F-11D3-BF4B-00C04F79EFBC}") = "App01_ConsultarCEP", "App01_ConsultarCEP\App01_ConsultarCEP\App01_ConsultarCEP.csproj", "{1737C4C7-4863-471F-84C7-D25E1851A30E}"
EndProject
Global
	GlobalSection(SolutionConfigurationPlatforms) = preSolution
		Ad-Hoc|Any CPU = Ad-Hoc|Any CPU
		Ad-Hoc|ARM = Ad-Hoc|ARM
		Ad-Hoc|iPhone = Ad-Hoc|iPhone
		Ad-Hoc|iPhoneSimulator = Ad-Hoc|iPhoneSimulator
		Ad-Hoc|x64 = Ad-Hoc|x64
		Ad-Hoc|x86 = Ad-Hoc|x86
		AppStore|Any CPU = AppStore|Any CPU
		AppStore|ARM = AppStore|ARM
		AppStore|iPhone = AppStore|iPhone
		AppStore|iPhoneSimulator = AppStore|iPhoneSimulator
		AppStore|x64 = AppStore|x64
		AppStore|x86 = AppStore|x86
		Debug|Any CPU = Debug|Any CPU
		Debug|ARM = Debug|ARM
		Debug|iPhone = Debug|iPhone
		Debug|iPhoneSimulator = Debug|iPhoneSimulator
		Debug|x64 = Debug|x64
		Debug|x86 = Debug|x86
		Release|Any CPU = Release|Any CPU
		Release|ARM = Release|ARM
		Release|iPhone = Release|iPhone
		Release|iPhoneSimulator = Release|iPhoneSimulator
		Release|x64 = Release|x64
		Release|x86 = Release|x86
	EndGlobalSection
	GlobalSection(ProjectConfigurationPlatforms) = postSolution
		{2144FE7A-36AF-42DB-8FF8-E735B7EC9A2C}.Ad-Hoc|Any CPU.ActiveCfg = Release|Any CPU
		{2144FE7A-36AF-42DB-8FF8-E735B7EC9A2C}.Ad-Hoc|Any CPU.Build.0 = Release|Any CPU
		{2144FE7A-36AF-42DB-8FF8-E735B7EC9A2C}.Ad-Hoc|Any CPU.Deploy.0 = Release|Any CPU
		{2144FE7A-36AF-42DB-8FF8-E735B7EC9A2C}.Ad-Hoc|ARM.ActiveCfg = Release|Any CPU
		{2144FE7A-36AF-42DB-8FF8-E735B7EC9A2C}.Ad-Hoc|ARM.Build.0 = Release|Any CPU
		{2144FE7A-36AF-42DB-8FF8-E735B7EC9A2C}.Ad-Hoc|ARM.Deploy.0 = Release|Any CPU
		{2144FE7A-36AF-42DB-8FF8-E735B7EC9A2C}.Ad-Hoc|iPhone.ActiveCfg = Release|Any CPU
		{2144FE7A-36AF-42DB-8FF8-E735B7EC9A2C}.Ad-Hoc|iPhone.Build.0 = Release|Any CPU
		{2144FE7A-36AF-42DB-8FF8-E735B7EC9A2C}.Ad-Hoc|iPhone.Deploy.0 = Release|Any CPU
		{2144FE7A-36AF-42DB-8FF8-E735B7EC9A2C}.Ad-Hoc|iPhoneSimulator.ActiveCfg = Release|Any CPU
		{2144FE7A-36AF-42DB-8FF8-E735B7EC9A2C}.Ad-Hoc|iPhoneSimulator.Build.0 = Release|Any CPU
		{2144FE7A-36AF-42DB-8FF8-E735B7EC9A2C}.Ad-Hoc|iPhoneSimulator.Deploy.0 = Release|Any CPU
		{2144FE7A-36AF-42DB-8FF8-E735B7EC9A2C}.Ad-Hoc|x64.ActiveCfg = Release|Any CPU
		{2144FE7A-36AF-42DB-8FF8-E735B7EC9A2C}.Ad-Hoc|x64.Build.0 = Release|Any CPU
		{2144FE7A-36AF-42DB-8FF8-E735B7EC9A2C}.Ad-Hoc|x64.Deploy.0 = Release|Any CPU
		{2144FE7A-36AF-42DB-8FF8-E735B7EC9A2C}.Ad-Hoc|x86.ActiveCfg = Release|Any CPU
		{2144FE7A-36AF-42DB-8FF8-E735B7EC9A2C}.Ad-Hoc|x86.Build.0 = Release|Any CPU
		{2144FE7A-36AF-42DB-8FF8-E735B7EC9A2C}.Ad-Hoc|x86.Deploy.0 = Release|Any CPU
		{2144FE7A-36AF-42DB-8FF8-E735B7EC9A2C}.AppStore|Any CPU.ActiveCfg = Release|Any CPU
		{2144FE7A-36AF-42DB-8FF8-E735B7EC9A2C}.AppStore|Any CPU.Build.0 = Release|Any CPU
		{2144FE7A-36AF-42DB-8FF8-E735B7EC9A2C}.AppStore|Any CPU.Deploy.0 = Release|Any CPU
		{2144FE7A-36AF-42DB-8FF8-E735B7EC9A2C}.AppStore|ARM.ActiveCfg = Release|Any CPU
		{2144FE7A-36AF-42DB-8FF8-E735B7EC9A2C}.AppStore|ARM.Build.0 = Release|Any CPU
		{2144FE7A-36AF-42DB-8FF8-E735B7EC9A2C}.AppStore|ARM.Deploy.0 = Release|Any CPU
		{2144FE7A-36AF-42DB-8FF8-E735B7EC9A2C}.AppStore|iPhone.ActiveCfg = Release|Any CPU
		{2144FE7A-36AF-42DB-8FF8-E735B7EC9A2C}.AppStore|iPhone.Build.0 = Release|Any CPU
		{2144FE7A-36AF-42DB-8FF8-E735B7EC9A2C}.AppStore|iPhone.Deploy.0 = Release|Any CPU
		{2144FE7A-36AF-42DB-8FF8-E735B7EC9A2C}.AppStore|iPhoneSimulator.ActiveCfg = Release|Any CPU
		{2144FE7A-36AF-42DB-8FF8-E735B7EC9A2C}.AppStore|iPhoneSimulator.Build.0 = Release|Any CPU
		{2144FE7A-36AF-42DB-8FF8-E735B7EC9A2C}.AppStore|iPhoneSimulator.Deploy.0 = Release|Any CPU
		{2144FE7A-36AF-42DB-8FF8-E735B7EC9A2C}.AppStore|x64.ActiveCfg = Release|Any CPU
		{2144FE7A-36AF-42DB-8FF8-E735B7EC9A2C}.AppStore|x64.Build.0 = Release|Any CPU
		{2144FE7A-36AF-42DB-8FF8-E735B7EC9A2C}.AppStore|x64.Deploy.0 = Release|Any CPU
		{2144FE7A-36AF-42DB-8FF8-E735B7EC9A2C}.AppStore|x86.ActiveCfg = Release|Any CPU
		{2144FE7A-36AF-42DB-8FF8-E735B7EC9A2C}.AppStore|x86.Build.0 = Release|Any CPU
		{2144FE7A-36AF-42DB-8FF8-E735B7EC9A2C}.AppStore|x86.Deploy.0 = Release|Any CPU
		{2144FE7A-36AF-42DB-8FF8-E735B7EC9A2C}.Debug|Any CPU.ActiveCfg = Debug|Any CPU
		{2144FE7A-36AF-42DB-8FF8-E735B7EC9A2C}.Debug|Any CPU.Build.0 = Debug|Any CPU
		{2144FE7A-36AF-42DB-8FF8-E735B7EC9A2C}.Debug|Any CPU.Deploy.0 = Debug|Any CPU
		{2144FE7A-36AF-42DB-8FF8-E735B7EC9A2C}.Debug|ARM.ActiveCfg = Debug|Any CPU
		{2144FE7A-36AF-42DB-8FF8-E735B7EC9A2C}.Debug|ARM.Build.0 = Debug|Any CPU
		{2144FE7A-36AF-42DB-8FF8-E735B7EC9A2C}.Debug|ARM.Deploy.0 = Debug|Any CPU
		{2144FE7A-36AF-42DB-8FF8-E735B7EC9A2C}.Debug|iPhone.ActiveCfg = Debug|Any CPU
		{2144FE7A-36AF-42DB-8FF8-E735B7EC9A2C}.Debug|iPhone.Build.0 = Debug|Any CPU
		{2144FE7A-36AF-42DB-8FF8-E735B7EC9A2C}.Debug|iPhone.Deploy.0 = Debug|Any CPU
		{2144FE7A-36AF-42DB-8FF8-E735B7EC9A2C}.Debug|iPhoneSimulator.ActiveCfg = Debug|Any CPU
		{2144FE7A-36AF-42DB-8FF8-E735B7EC9A2C}.Debug|iPhoneSimulator.Build.0 = Debug|Any CPU
		{2144FE7A-36AF-42DB-8FF8-E735B7EC9A2C}.Debug|iPhoneSimulator.Deploy.0 = Debug|Any CPU
		{2144FE7A-36AF-42DB-8FF8-E735B7EC9A2C}.Debug|x64.ActiveCfg = Debug|Any CPU
		{2144FE7A-36AF-42DB-8FF8-E735B7EC9A2C}.Debug|x64.Build.0 = Debug|Any CPU
		{2144FE7A-36AF-42DB-8FF8-E735B7EC9A2C}.Debug|x64.Deploy.0 = Debug|Any CPU
		{2144FE7A-36AF-42DB-8FF8-E735B7EC9A2C}.Debug|x86.ActiveCfg = Debug|Any CPU
		{2144FE7A-36AF-42DB-8FF8-E735B7EC9A2C}.Debug|x86.Build.0 = Debug|Any CPU
		{2144FE7A-36AF-42DB-8FF8-E735B7EC9A2C}.Debug|x86.Deploy.0 = Debug|Any CPU
		{2144FE7A-36AF-42DB-8FF8-E735B7EC9A2C}.Release|Any CPU.ActiveCfg = Release|Any CPU
		{2144FE7A-36AF-42DB-8FF8-E735B7EC9A2C}.Release|Any CPU.Build.0 = Release|Any CPU
		{2144FE7A-36AF-42DB-8FF8-E735B7EC9A2C}.Release|Any CPU.Deploy.0 = Release|Any CPU
		{2144FE7A-36AF-42DB-8FF8-E735B7EC9A2C}.Release|ARM.ActiveCfg = Release|Any CPU
		{2144FE7A-36AF-42DB-8FF8-E735B7EC9A2C}.Release|ARM.Build.0 = Release|Any CPU
		{2144FE7A-36AF-42DB-8FF8-E735B7EC9A2C}.Release|ARM.Deploy.0 = Release|Any CPU
		{2144FE7A-36AF-42DB-8FF8-E735B7EC9A2C}.Release|iPhone.ActiveCfg = Release|Any CPU
		{2144FE7A-36AF-42DB-8FF8-E735B7EC9A2C}.Release|iPhone.Build.0 = Release|Any CPU
		{2144FE7A-36AF-42DB-8FF8-E735B7EC9A2C}.Release|iPhone.Deploy.0 = Release|Any CPU
		{2144FE7A-36AF-42DB-8FF8-E735B7EC9A2C}.Release|iPhoneSimulator.ActiveCfg = Release|Any CPU
		{2144FE7A-36AF-42DB-8FF8-E735B7EC9A2C}.Release|iPhoneSimulator.Build.0 = Release|Any CPU
		{2144FE7A-36AF-42DB-8FF8-E735B7EC9A2C}.Release|iPhoneSimulator.Deploy.0 = Release|Any CPU
		{2144FE7A-36AF-42DB-8FF8-E735B7EC9A2C}.Release|x64.ActiveCfg = Release|Any CPU
		{2144FE7A-36AF-42DB-8FF8-E735B7EC9A2C}.Release|x64.Build.0 = Release|Any CPU
		{2144FE7A-36AF-42DB-8FF8-E735B7EC9A2C}.Release|x64.Deploy.0 = Release|Any CPU
		{2144FE7A-36AF-42DB-8FF8-E735B7EC9A2C}.Release|x86.ActiveCfg = Release|Any CPU
		{2144FE7A-36AF-42DB-8FF8-E735B7EC9A2C}.Release|x86.Build.0 = Release|Any CPU
		{2144FE7A-36AF-42DB-8FF8-E735B7EC9A2C}.Release|x86.Deploy.0 = Release|Any CPU
		{B6F6E499-421A-49A6-8581-E877E15E2090}.Ad-Hoc|Any CPU.ActiveCfg = Ad-Hoc|iPhone
		{B6F6E499-421A-49A6-8581-E877E15E2090}.Ad-Hoc|Any CPU.Build.0 = Ad-Hoc|iPhone
		{B6F6E499-421A-49A6-8581-E877E15E2090}.Ad-Hoc|Any CPU.Deploy.0 = Ad-Hoc|iPhone
		{B6F6E499-421A-49A6-8581-E877E15E2090}.Ad-Hoc|ARM.ActiveCfg = Ad-Hoc|iPhone
		{B6F6E499-421A-49A6-8581-E877E15E2090}.Ad-Hoc|ARM.Build.0 = Ad-Hoc|iPhone
		{B6F6E499-421A-49A6-8581-E877E15E2090}.Ad-Hoc|ARM.Deploy.0 = Ad-Hoc|iPhone
		{B6F6E499-421A-49A6-8581-E877E15E2090}.Ad-Hoc|iPhone.ActiveCfg = Ad-Hoc|iPhone
		{B6F6E499-421A-49A6-8581-E877E15E2090}.Ad-Hoc|iPhone.Build.0 = Ad-Hoc|iPhone
		{B6F6E499-421A-49A6-8581-E877E15E2090}.Ad-Hoc|iPhone.Deploy.0 = Ad-Hoc|iPhone
		{B6F6E499-421A-49A6-8581-E877E15E2090}.Ad-Hoc|iPhoneSimulator.ActiveCfg = Ad-Hoc|iPhoneSimulator
		{B6F6E499-421A-49A6-8581-E877E15E2090}.Ad-Hoc|iPhoneSimulator.Build.0 = Ad-Hoc|iPhoneSimulator
		{B6F6E499-421A-49A6-8581-E877E15E2090}.Ad-Hoc|iPhoneSimulator.Deploy.0 = Ad-Hoc|iPhoneSimulator
		{B6F6E499-421A-49A6-8581-E877E15E2090}.Ad-Hoc|x64.ActiveCfg = Ad-Hoc|iPhone
		{B6F6E499-421A-49A6-8581-E877E15E2090}.Ad-Hoc|x64.Build.0 = Ad-Hoc|iPhone
		{B6F6E499-421A-49A6-8581-E877E15E2090}.Ad-Hoc|x64.Deploy.0 = Ad-Hoc|iPhone
		{B6F6E499-421A-49A6-8581-E877E15E2090}.Ad-Hoc|x86.ActiveCfg = Ad-Hoc|iPhone
		{B6F6E499-421A-49A6-8581-E877E15E2090}.Ad-Hoc|x86.Build.0 = Ad-Hoc|iPhone
		{B6F6E499-421A-49A6-8581-E877E15E2090}.Ad-Hoc|x86.Deploy.0 = Ad-Hoc|iPhone
		{B6F6E499-421A-49A6-8581-E877E15E2090}.AppStore|Any CPU.ActiveCfg = AppStore|iPhone
		{B6F6E499-421A-49A6-8581-E877E15E2090}.AppStore|Any CPU.Build.0 = AppStore|iPhone
		{B6F6E499-421A-49A6-8581-E877E15E2090}.AppStore|Any CPU.Deploy.0 = AppStore|iPhone
		{B6F6E499-421A-49A6-8581-E877E15E2090}.AppStore|ARM.ActiveCfg = AppStore|iPhone
		{B6F6E499-421A-49A6-8581-E877E15E2090}.AppStore|ARM.Build.0 = AppStore|iPhone
		{B6F6E499-421A-49A6-8581-E877E15E2090}.AppStore|ARM.Deploy.0 = AppStore|iPhone
		{B6F6E499-421A-49A6-8581-E877E15E2090}.AppStore|iPhone.ActiveCfg = AppStore|iPhone
		{B6F6E499-421A-49A6-8581-E877E15E2090}.AppStore|iPhone.Build.0 = AppStore|iPhone
		{B6F6E499-421A-49A6-8581-E877E15E2090}.AppStore|iPhone.Deploy.0 = AppStore|iPhone
		{B6F6E499-421A-49A6-8581-E877E15E2090}.AppStore|iPhoneSimulator.ActiveCfg = AppStore|iPhoneSimulator
		{B6F6E499-421A-49A6-8581-E877E15E2090}.AppStore|iPhoneSimulator.Build.0 = AppStore|iPhoneSimulator
		{B6F6E499-421A-49A6-8581-E877E15E2090}.AppStore|iPhoneSimulator.Deploy.0 = AppStore|iPhoneSimulator
		{B6F6E499-421A-49A6-8581-E877E15E2090}.AppStore|x64.ActiveCfg = AppStore|iPhone
		{B6F6E499-421A-49A6-8581-E877E15E2090}.AppStore|x64.Build.0 = AppStore|iPhone
		{B6F6E499-421A-49A6-8581-E877E15E2090}.AppStore|x64.Deploy.0 = AppStore|iPhone
		{B6F6E499-421A-49A6-8581-E877E15E2090}.AppStore|x86.ActiveCfg = AppStore|iPhone
		{B6F6E499-421A-49A6-8581-E877E15E2090}.AppStore|x86.Build.0 = AppStore|iPhone
		{B6F6E499-421A-49A6-8581-E877E15E2090}.AppStore|x86.Deploy.0 = AppStore|iPhone
		{B6F6E499-421A-49A6-8581-E877E15E2090}.Debug|Any CPU.ActiveCfg = Debug|iPhoneSimulator
		{B6F6E499-421A-49A6-8581-E877E15E2090}.Debug|Any CPU.Build.0 = Debug|iPhoneSimulator
		{B6F6E499-421A-49A6-8581-E877E15E2090}.Debug|Any CPU.Deploy.0 = Debug|iPhoneSimulator
		{B6F6E499-421A-49A6-8581-E877E15E2090}.Debug|ARM.ActiveCfg = Debug|iPhone
		{B6F6E499-421A-49A6-8581-E877E15E2090}.Debug|ARM.Build.0 = Debug|iPhone
		{B6F6E499-421A-49A6-8581-E877E15E2090}.Debug|ARM.Deploy.0 = Debug|iPhone
		{B6F6E499-421A-49A6-8581-E877E15E2090}.Debug|iPhone.ActiveCfg = Debug|iPhone
		{B6F6E499-421A-49A6-8581-E877E15E2090}.Debug|iPhone.Build.0 = Debug|iPhone
		{B6F6E499-421A-49A6-8581-E877E15E2090}.Debug|iPhone.Deploy.0 = Debug|iPhone
		{B6F6E499-421A-49A6-8581-E877E15E2090}.Debug|iPhoneSimulator.ActiveCfg = Debug|iPhoneSimulator
		{B6F6E499-421A-49A6-8581-E877E15E2090}.Debug|iPhoneSimulator.Build.0 = Debug|iPhoneSimulator
		{B6F6E499-421A-49A6-8581-E877E15E2090}.Debug|iPhoneSimulator.Deploy.0 = Debug|iPhoneSimulator
		{B6F6E499-421A-49A6-8581-E877E15E2090}.Debug|x64.ActiveCfg = Debug|iPhone
		{B6F6E499-421A-49A6-8581-E877E15E2090}.Debug|x64.Build.0 = Debug|iPhone
		{B6F6E499-421A-49A6-8581-E877E15E2090}.Debug|x64.Deploy.0 = Debug|iPhone
		{B6F6E499-421A-49A6-8581-E877E15E2090}.Debug|x86.ActiveCfg = Debug|iPhone
		{B6F6E499-421A-49A6-8581-E877E15E2090}.Debug|x86.Build.0 = Debug|iPhone
		{B6F6E499-421A-49A6-8581-E877E15E2090}.Debug|x86.Deploy.0 = Debug|iPhone
		{B6F6E499-421A-49A6-8581-E877E15E2090}.Release|Any CPU.ActiveCfg = Release|iPhone
		{B6F6E499-421A-49A6-8581-E877E15E2090}.Release|Any CPU.Build.0 = Release|iPhone
		{B6F6E499-421A-49A6-8581-E877E15E2090}.Release|Any CPU.Deploy.0 = Release|iPhone
		{B6F6E499-421A-49A6-8581-E877E15E2090}.Release|ARM.ActiveCfg = Release|iPhone
		{B6F6E499-421A-49A6-8581-E877E15E2090}.Release|ARM.Build.0 = Release|iPhone
		{B6F6E499-421A-49A6-8581-E877E15E2090}.Release|ARM.Deploy.0 = Release|iPhone
		{B6F6E499-421A-49A6-8581-E877E15E2090}.Release|iPhone.ActiveCfg = Release|iPhone
		{B6F6E499-421A-49A6-8581-E877E15E2090}.Release|iPhone.Build.0 = Release|iPhone
		{B6F6E499-421A-49A6-8581-E877E15E2090}.Release|iPhone.Deploy.0 = Release|iPhone
		{B6F6E499-421A-49A6-8581-E877E15E2090}.Release|iPhoneSimulator.ActiveCfg = Release|iPhoneSimulator
		{B6F6E499-421A-49A6-8581-E877E15E2090}.Release|iPhoneSimulator.Build.0 = Release|iPhoneSimulator
		{B6F6E499-421A-49A6-8581-E877E15E2090}.Release|iPhoneSimulator.Deploy.0 = Release|iPhoneSimulator
		{B6F6E499-421A-49A6-8581-E877E15E2090}.Release|x64.ActiveCfg = Release|iPhone
		{B6F6E499-421A-49A6-8581-E877E15E2090}.Release|x64.Build.0 = Release|iPhone
		{B6F6E499-421A-49A6-8581-E877E15E2090}.Release|x64.Deploy.0 = Release|iPhone
		{B6F6E499-421A-49A6-8581-E877E15E2090}.Release|x86.ActiveCfg = Release|iPhone
		{B6F6E499-421A-49A6-8581-E877E15E2090}.Release|x86.Build.0 = Release|iPhone
		{B6F6E499-421A-49A6-8581-E877E15E2090}.Release|x86.Deploy.0 = Release|iPhone
		{4BA9300A-894E-4E1D-A200-60A53D891E1B}.Ad-Hoc|Any CPU.ActiveCfg = Release|x86
		{4BA9300A-894E-4E1D-A200-60A53D891E1B}.Ad-Hoc|Any CPU.Build.0 = Release|x86
		{4BA9300A-894E-4E1D-A200-60A53D891E1B}.Ad-Hoc|Any CPU.Deploy.0 = Release|x86
		{4BA9300A-894E-4E1D-A200-60A53D891E1B}.Ad-Hoc|ARM.ActiveCfg = Release|ARM
		{4BA9300A-894E-4E1D-A200-60A53D891E1B}.Ad-Hoc|ARM.Build.0 = Release|ARM
		{4BA9300A-894E-4E1D-A200-60A53D891E1B}.Ad-Hoc|ARM.Deploy.0 = Release|ARM
		{4BA9300A-894E-4E1D-A200-60A53D891E1B}.Ad-Hoc|iPhone.ActiveCfg = Release|x86
		{4BA9300A-894E-4E1D-A200-60A53D891E1B}.Ad-Hoc|iPhone.Build.0 = Release|x86
		{4BA9300A-894E-4E1D-A200-60A53D891E1B}.Ad-Hoc|iPhone.Deploy.0 = Release|x86
		{4BA9300A-894E-4E1D-A200-60A53D891E1B}.Ad-Hoc|iPhoneSimulator.ActiveCfg = Release|x86
		{4BA9300A-894E-4E1D-A200-60A53D891E1B}.Ad-Hoc|iPhoneSimulator.Build.0 = Release|x86
		{4BA9300A-894E-4E1D-A200-60A53D891E1B}.Ad-Hoc|iPhoneSimulator.Deploy.0 = Release|x86
		{4BA9300A-894E-4E1D-A200-60A53D891E1B}.Ad-Hoc|x64.ActiveCfg = Release|x64
		{4BA9300A-894E-4E1D-A200-60A53D891E1B}.Ad-Hoc|x64.Build.0 = Release|x64
		{4BA9300A-894E-4E1D-A200-60A53D891E1B}.Ad-Hoc|x64.Deploy.0 = Release|x64
		{4BA9300A-894E-4E1D-A200-60A53D891E1B}.Ad-Hoc|x86.ActiveCfg = Release|x86
		{4BA9300A-894E-4E1D-A200-60A53D891E1B}.Ad-Hoc|x86.Build.0 = Release|x86
		{4BA9300A-894E-4E1D-A200-60A53D891E1B}.Ad-Hoc|x86.Deploy.0 = Release|x86
		{4BA9300A-894E-4E1D-A200-60A53D891E1B}.AppStore|Any CPU.ActiveCfg = Release|x86
		{4BA9300A-894E-4E1D-A200-60A53D891E1B}.AppStore|Any CPU.Build.0 = Release|x86
		{4BA9300A-894E-4E1D-A200-60A53D891E1B}.AppStore|Any CPU.Deploy.0 = Release|x86
		{4BA9300A-894E-4E1D-A200-60A53D891E1B}.AppStore|ARM.ActiveCfg = Release|ARM
		{4BA9300A-894E-4E1D-A200-60A53D891E1B}.AppStore|ARM.Build.0 = Release|ARM
		{4BA9300A-894E-4E1D-A200-60A53D891E1B}.AppStore|ARM.Deploy.0 = Release|ARM
		{4BA9300A-894E-4E1D-A200-60A53D891E1B}.AppStore|iPhone.ActiveCfg = Release|x86
		{4BA9300A-894E-4E1D-A200-60A53D891E1B}.AppStore|iPhone.Build.0 = Release|x86
		{4BA9300A-894E-4E1D-A200-60A53D891E1B}.AppStore|iPhone.Deploy.0 = Release|x86
		{4BA9300A-894E-4E1D-A200-60A53D891E1B}.AppStore|iPhoneSimulator.ActiveCfg = Release|x86
		{4BA9300A-894E-4E1D-A200-60A53D891E1B}.AppStore|iPhoneSimulator.Build.0 = Release|x86
		{4BA9300A-894E-4E1D-A200-60A53D891E1B}.AppStore|iPhoneSimulator.Deploy.0 = Release|x86
		{4BA9300A-894E-4E1D-A200-60A53D891E1B}.AppStore|x64.ActiveCfg = Release|x64
		{4BA9300A-894E-4E1D-A200-60A53D891E1B}.AppStore|x64.Build.0 = Release|x64
		{4BA9300A-894E-4E1D-A200-60A53D891E1B}.AppStore|x64.Deploy.0 = Release|x64
		{4BA9300A-894E-4E1D-A200-60A53D891E1B}.AppStore|x86.ActiveCfg = Release|x86
		{4BA9300A-894E-4E1D-A200-60A53D891E1B}.AppStore|x86.Build.0 = Release|x86
		{4BA9300A-894E-4E1D-A200-60A53D891E1B}.AppStore|x86.Deploy.0 = Release|x86
		{4BA9300A-894E-4E1D-A200-60A53D891E1B}.Debug|Any CPU.ActiveCfg = Debug|x86
		{4BA9300A-894E-4E1D-A200-60A53D891E1B}.Debug|Any CPU.Build.0 = Debug|x86
		{4BA9300A-894E-4E1D-A200-60A53D891E1B}.Debug|Any CPU.Deploy.0 = Debug|x86
		{4BA9300A-894E-4E1D-A200-60A53D891E1B}.Debug|ARM.ActiveCfg = Debug|ARM
		{4BA9300A-894E-4E1D-A200-60A53D891E1B}.Debug|ARM.Build.0 = Debug|ARM
		{4BA9300A-894E-4E1D-A200-60A53D891E1B}.Debug|ARM.Deploy.0 = Debug|ARM
		{4BA9300A-894E-4E1D-A200-60A53D891E1B}.Debug|iPhone.ActiveCfg = Debug|x86
		{4BA9300A-894E-4E1D-A200-60A53D891E1B}.Debug|iPhone.Build.0 = Debug|x86
		{4BA9300A-894E-4E1D-A200-60A53D891E1B}.Debug|iPhone.Deploy.0 = Debug|x86
		{4BA9300A-894E-4E1D-A200-60A53D891E1B}.Debug|iPhoneSimulator.ActiveCfg = Debug|x86
		{4BA9300A-894E-4E1D-A200-60A53D891E1B}.Debug|iPhoneSimulator.Build.0 = Debug|x86
		{4BA9300A-894E-4E1D-A200-60A53D891E1B}.Debug|iPhoneSimulator.Deploy.0 = Debug|x86
		{4BA9300A-894E-4E1D-A200-60A53D891E1B}.Debug|x64.ActiveCfg = Debug|x64
		{4BA9300A-894E-4E1D-A200-60A53D891E1B}.Debug|x64.Build.0 = Debug|x64
		{4BA9300A-894E-4E1D-A200-60A53D891E1B}.Debug|x64.Deploy.0 = Debug|x64
		{4BA9300A-894E-4E1D-A200-60A53D891E1B}.Debug|x86.ActiveCfg = Debug|x86
		{4BA9300A-894E-4E1D-A200-60A53D891E1B}.Debug|x86.Build.0 = Debug|x86
		{4BA9300A-894E-4E1D-A200-60A53D891E1B}.Debug|x86.Deploy.0 = Debug|x86
		{4BA9300A-894E-4E1D-A200-60A53D891E1B}.Release|Any CPU.ActiveCfg = Release|x86
		{4BA9300A-894E-4E1D-A200-60A53D891E1B}.Release|Any CPU.Build.0 = Release|x86
		{4BA9300A-894E-4E1D-A200-60A53D891E1B}.Release|Any CPU.Deploy.0 = Release|x86
		{4BA9300A-894E-4E1D-A200-60A53D891E1B}.Release|ARM.ActiveCfg = Release|ARM
		{4BA9300A-894E-4E1D-A200-60A53D891E1B}.Release|ARM.Build.0 = Release|ARM
		{4BA9300A-894E-4E1D-A200-60A53D891E1B}.Release|ARM.Deploy.0 = Release|ARM
		{4BA9300A-894E-4E1D-A200-60A53D891E1B}.Release|iPhone.ActiveCfg = Release|x86
		{4BA9300A-894E-4E1D-A200-60A53D891E1B}.Release|iPhone.Build.0 = Release|x86
		{4BA9300A-894E-4E1D-A200-60A53D891E1B}.Release|iPhone.Deploy.0 = Release|x86
		{4BA9300A-894E-4E1D-A200-60A53D891E1B}.Release|iPhoneSimulator.ActiveCfg = Release|x86
		{4BA9300A-894E-4E1D-A200-60A53D891E1B}.Release|iPhoneSimulator.Build.0 = Release|x86
		{4BA9300A-894E-4E1D-A200-60A53D891E1B}.Release|iPhoneSimulator.Deploy.0 = Release|x86
		{4BA9300A-894E-4E1D-A200-60A53D891E1B}.Release|x64.ActiveCfg = Release|x64
		{4BA9300A-894E-4E1D-A200-60A53D891E1B}.Release|x64.Build.0 = Release|x64
		{4BA9300A-894E-4E1D-A200-60A53D891E1B}.Release|x64.Deploy.0 = Release|x64
		{4BA9300A-894E-4E1D-A200-60A53D891E1B}.Release|x86.ActiveCfg = Release|x86
		{4BA9300A-894E-4E1D-A200-60A53D891E1B}.Release|x86.Build.0 = Release|x86
		{4BA9300A-894E-4E1D-A200-60A53D891E1B}.Release|x86.Deploy.0 = Release|x86
		{1737C4C7-4863-471F-84C7-D25E1851A30E}.Ad-Hoc|Any CPU.ActiveCfg = Debug|Any CPU
		{1737C4C7-4863-471F-84C7-D25E1851A30E}.Ad-Hoc|Any CPU.Build.0 = Debug|Any CPU
		{1737C4C7-4863-471F-84C7-D25E1851A30E}.Ad-Hoc|Any CPU.Deploy.0 = Debug|Any CPU
		{1737C4C7-4863-471F-84C7-D25E1851A30E}.Ad-Hoc|ARM.ActiveCfg = Debug|Any CPU
		{1737C4C7-4863-471F-84C7-D25E1851A30E}.Ad-Hoc|ARM.Build.0 = Debug|Any CPU
		{1737C4C7-4863-471F-84C7-D25E1851A30E}.Ad-Hoc|ARM.Deploy.0 = Debug|Any CPU
		{1737C4C7-4863-471F-84C7-D25E1851A30E}.Ad-Hoc|iPhone.ActiveCfg = Debug|Any CPU
		{1737C4C7-4863-471F-84C7-D25E1851A30E}.Ad-Hoc|iPhone.Build.0 = Debug|Any CPU
		{1737C4C7-4863-471F-84C7-D25E1851A30E}.Ad-Hoc|iPhone.Deploy.0 = Debug|Any CPU
		{1737C4C7-4863-471F-84C7-D25E1851A30E}.Ad-Hoc|iPhoneSimulator.ActiveCfg = Debug|Any CPU
		{1737C4C7-4863-471F-84C7-D25E1851A30E}.Ad-Hoc|iPhoneSimulator.Build.0 = Debug|Any CPU
		{1737C4C7-4863-471F-84C7-D25E1851A30E}.Ad-Hoc|iPhoneSimulator.Deploy.0 = Debug|Any CPU
		{1737C4C7-4863-471F-84C7-D25E1851A30E}.Ad-Hoc|x64.ActiveCfg = Debug|Any CPU
		{1737C4C7-4863-471F-84C7-D25E1851A30E}.Ad-Hoc|x64.Build.0 = Debug|Any CPU
		{1737C4C7-4863-471F-84C7-D25E1851A30E}.Ad-Hoc|x64.Deploy.0 = Debug|Any CPU
		{1737C4C7-4863-471F-84C7-D25E1851A30E}.Ad-Hoc|x86.ActiveCfg = Debug|Any CPU
		{1737C4C7-4863-471F-84C7-D25E1851A30E}.Ad-Hoc|x86.Build.0 = Debug|Any CPU
		{1737C4C7-4863-471F-84C7-D25E1851A30E}.Ad-Hoc|x86.Deploy.0 = Debug|Any CPU
		{1737C4C7-4863-471F-84C7-D25E1851A30E}.AppStore|Any CPU.ActiveCfg = Debug|Any CPU
		{1737C4C7-4863-471F-84C7-D25E1851A30E}.AppStore|Any CPU.Build.0 = Debug|Any CPU
		{1737C4C7-4863-471F-84C7-D25E1851A30E}.AppStore|Any CPU.Deploy.0 = Debug|Any CPU
		{1737C4C7-4863-471F-84C7-D25E1851A30E}.AppStore|ARM.ActiveCfg = Debug|Any CPU
		{1737C4C7-4863-471F-84C7-D25E1851A30E}.AppStore|ARM.Build.0 = Debug|Any CPU
		{1737C4C7-4863-471F-84C7-D25E1851A30E}.AppStore|ARM.Deploy.0 = Debug|Any CPU
		{1737C4C7-4863-471F-84C7-D25E1851A30E}.AppStore|iPhone.ActiveCfg = Debug|Any CPU
		{1737C4C7-4863-471F-84C7-D25E1851A30E}.AppStore|iPhone.Build.0 = Debug|Any CPU
		{1737C4C7-4863-471F-84C7-D25E1851A30E}.AppStore|iPhone.Deploy.0 = Debug|Any CPU
		{1737C4C7-4863-471F-84C7-D25E1851A30E}.AppStore|iPhoneSimulator.ActiveCfg = Debug|Any CPU
		{1737C4C7-4863-471F-84C7-D25E1851A30E}.AppStore|iPhoneSimulator.Build.0 = Debug|Any CPU
		{1737C4C7-4863-471F-84C7-D25E1851A30E}.AppStore|iPhoneSimulator.Deploy.0 = Debug|Any CPU
		{1737C4C7-4863-471F-84C7-D25E1851A30E}.AppStore|x64.ActiveCfg = Debug|Any CPU
		{1737C4C7-4863-471F-84C7-D25E1851A30E}.AppStore|x64.Build.0 = Debug|Any CPU
		{1737C4C7-4863-471F-84C7-D25E1851A30E}.AppStore|x64.Deploy.0 = Debug|Any CPU
		{1737C4C7-4863-471F-84C7-D25E1851A30E}.AppStore|x86.ActiveCfg = Debug|Any CPU
		{1737C4C7-4863-471F-84C7-D25E1851A30E}.AppStore|x86.Build.0 = Debug|Any CPU
		{1737C4C7-4863-471F-84C7-D25E1851A30E}.AppStore|x86.Deploy.0 = Debug|Any CPU
		{1737C4C7-4863-471F-84C7-D25E1851A30E}.Debug|Any CPU.ActiveCfg = Debug|Any CPU
		{1737C4C7-4863-471F-84C7-D25E1851A30E}.Debug|Any CPU.Build.0 = Debug|Any CPU
		{1737C4C7-4863-471F-84C7-D25E1851A30E}.Debug|Any CPU.Deploy.0 = Debug|Any CPU
		{1737C4C7-4863-471F-84C7-D25E1851A30E}.Debug|ARM.ActiveCfg = Debug|Any CPU
		{1737C4C7-4863-471F-84C7-D25E1851A30E}.Debug|ARM.Build.0 = Debug|Any CPU
		{1737C4C7-4863-471F-84C7-D25E1851A30E}.Debug|ARM.Deploy.0 = Debug|Any CPU
		{1737C4C7-4863-471F-84C7-D25E1851A30E}.Debug|iPhone.ActiveCfg = Debug|Any CPU
		{1737C4C7-4863-471F-84C7-D25E1851A30E}.Debug|iPhone.Build.0 = Debug|Any CPU
		{1737C4C7-4863-471F-84C7-D25E1851A30E}.Debug|iPhone.Deploy.0 = Debug|Any CPU
		{1737C4C7-4863-471F-84C7-D25E1851A30E}.Debug|iPhoneSimulator.ActiveCfg = Debug|Any CPU
		{1737C4C7-4863-471F-84C7-D25E1851A30E}.Debug|iPhoneSimulator.Build.0 = Debug|Any CPU
		{1737C4C7-4863-471F-84C7-D25E1851A30E}.Debug|iPhoneSimulator.Deploy.0 = Debug|Any CPU
		{1737C4C7-4863-471F-84C7-D25E1851A30E}.Debug|x64.ActiveCfg = Debug|Any CPU
		{1737C4C7-4863-471F-84C7-D25E1851A30E}.Debug|x64.Build.0 = Debug|Any CPU
		{1737C4C7-4863-471F-84C7-D25E1851A30E}.Debug|x64.Deploy.0 = Debug|Any CPU
		{1737C4C7-4863-471F-84C7-D25E1851A30E}.Debug|x86.ActiveCfg = Debug|Any CPU
		{1737C4C7-4863-471F-84C7-D25E1851A30E}.Debug|x86.Build.0 = Debug|Any CPU
		{1737C4C7-4863-471F-84C7-D25E1851A30E}.Debug|x86.Deploy.0 = Debug|Any CPU
		{1737C4C7-4863-471F-84C7-D25E1851A30E}.Release|Any CPU.ActiveCfg = Release|Any CPU
		{1737C4C7-4863-471F-84C7-D25E1851A30E}.Release|Any CPU.Build.0 = Release|Any CPU
		{1737C4C7-4863-471F-84C7-D25E1851A30E}.Release|Any CPU.Deploy.0 = Release|Any CPU
		{1737C4C7-4863-471F-84C7-D25E1851A30E}.Release|ARM.ActiveCfg = Release|Any CPU
		{1737C4C7-4863-471F-84C7-D25E1851A30E}.Release|ARM.Build.0 = Release|Any CPU
		{1737C4C7-4863-471F-84C7-D25E1851A30E}.Release|ARM.Deploy.0 = Release|Any CPU
		{1737C4C7-4863-471F-84C7-D25E1851A30E}.Release|iPhone.ActiveCfg = Release|Any CPU
		{1737C4C7-4863-471F-84C7-D25E1851A30E}.Release|iPhone.Build.0 = Release|Any CPU
		{1737C4C7-4863-471F-84C7-D25E1851A30E}.Release|iPhone.Deploy.0 = Release|Any CPU
		{1737C4C7-4863-471F-84C7-D25E1851A30E}.Release|iPhoneSimulator.ActiveCfg = Release|Any CPU
		{1737C4C7-4863-471F-84C7-D25E1851A30E}.Release|iPhoneSimulator.Build.0 = Release|Any CPU
		{1737C4C7-4863-471F-84C7-D25E1851A30E}.Release|iPhoneSimulator.Deploy.0 = Release|Any CPU
		{1737C4C7-4863-471F-84C7-D25E1851A30E}.Release|x64.ActiveCfg = Release|Any CPU
		{1737C4C7-4863-471F-84C7-D25E1851A30E}.Release|x64.Build.0 = Release|Any CPU
		{1737C4C7-4863-471F-84C7-D25E1851A30E}.Release|x64.Deploy.0 = Release|Any CPU
		{1737C4C7-4863-471F-84C7-D25E1851A30E}.Release|x86.ActiveCfg = Release|Any CPU
		{1737C4C7-4863-471F-84C7-D25E1851A30E}.Release|x86.Build.0 = Release|Any CPU
		{1737C4C7-4863-471F-84C7-D25E1851A30E}.Release|x86.Deploy.0 = Release|Any CPU
	EndGlobalSection
	GlobalSection(SolutionProperties) = preSolution
		HideSolutionNode = FALSE
	EndGlobalSection
	GlobalSection(ExtensibilityGlobals) = postSolution
		SolutionGuid = {5D53F3DE-F022-41BA-86E3-9D0131C5FC81}
	EndGlobalSection
EndGlobal
