
Microsoft Visual Studio Solution File, Format Version 12.00
# Visual Studio 15
VisualStudioVersion = 15.0.27703.2018
MinimumVisualStudioVersion = 10.0.40219.1
Project("{FAE04EC0-301F-11D3-BF4B-00C04F79EFBC}") = "App01_ConsultarCEP.Android", "App01_ConsultarCEP\App01_ConsultarCEP.Android\App01_ConsultarCEP.Android.csproj", "{EFEB04E2-44B5-43BD-9B28-DD9A6EFF58C6}"
EndProject
Project("{FAE04EC0-301F-11D3-BF4B-00C04F79EFBC}") = "App01_ConsultarCEP.iOS", "App01_ConsultarCEP\App01_ConsultarCEP.iOS\App01_ConsultarCEP.iOS.csproj", "{04A7AF1C-23B5-4EE4-A268-24C358A6E9CF}"
EndProject
Project("{FAE04EC0-301F-11D3-BF4B-00C04F79EFBC}") = "App01_ConsultarCEP.UWP", "App01_ConsultarCEP\App01_ConsultarCEP.UWP\App01_ConsultarCEP.UWP.csproj", "{9D9C159B-8EED-4DCB-B7B0-85EE67FCFEC5}"
EndProject
Project("{FAE04EC0-301F-11D3-BF4B-00C04F79EFBC}") = "App01_ConsultarCEP", "App01_ConsultarCEP\App01_ConsultarCEP\App01_ConsultarCEP.csproj", "{D8906001-3A50-451C-B778-F5A4689FC3C9}"
EndProject
Global
	GlobalSection(SolutionConfigurationPlatforms) = preSolution
		Ad-Hoc|Any CPU = Ad-Hoc|Any CPU
		Ad-Hoc|ARM = Ad-Hoc|ARM
		Ad-Hoc|iPhone = Ad-Hoc|iPhone
		Ad-Hoc|iPhoneSimulator = Ad-Hoc|iPhoneSimulator
		Ad-Hoc|x64 = Ad-Hoc|x64
		Ad-Hoc|x86 = Ad-Hoc|x86
		AppStore|Any CPU = AppStore|Any CPU
		AppStore|ARM = AppStore|ARM
		AppStore|iPhone = AppStore|iPhone
		AppStore|iPhoneSimulator = AppStore|iPhoneSimulator
		AppStore|x64 = AppStore|x64
		AppStore|x86 = AppStore|x86
		Debug|Any CPU = Debug|Any CPU
		Debug|ARM = Debug|ARM
		Debug|iPhone = Debug|iPhone
		Debug|iPhoneSimulator = Debug|iPhoneSimulator
		Debug|x64 = Debug|x64
		Debug|x86 = Debug|x86
		Release|Any CPU = Release|Any CPU
		Release|ARM = Release|ARM
		Release|iPhone = Release|iPhone
		Release|iPhoneSimulator = Release|iPhoneSimulator
		Release|x64 = Release|x64
		Release|x86 = Release|x86
	EndGlobalSection
	GlobalSection(ProjectConfigurationPlatforms) = postSolution
		{EFEB04E2-44B5-43BD-9B28-DD9A6EFF58C6}.Ad-Hoc|Any CPU.ActiveCfg = Release|Any CPU
		{EFEB04E2-44B5-43BD-9B28-DD9A6EFF58C6}.Ad-Hoc|Any CPU.Build.0 = Release|Any CPU
		{EFEB04E2-44B5-43BD-9B28-DD9A6EFF58C6}.Ad-Hoc|Any CPU.Deploy.0 = Release|Any CPU
		{EFEB04E2-44B5-43BD-9B28-DD9A6EFF58C6}.Ad-Hoc|ARM.ActiveCfg = Release|Any CPU
		{EFEB04E2-44B5-43BD-9B28-DD9A6EFF58C6}.Ad-Hoc|ARM.Build.0 = Release|Any CPU
		{EFEB04E2-44B5-43BD-9B28-DD9A6EFF58C6}.Ad-Hoc|ARM.Deploy.0 = Release|Any CPU
		{EFEB04E2-44B5-43BD-9B28-DD9A6EFF58C6}.Ad-Hoc|iPhone.ActiveCfg = Release|Any CPU
		{EFEB04E2-44B5-43BD-9B28-DD9A6EFF58C6}.Ad-Hoc|iPhone.Build.0 = Release|Any CPU
		{EFEB04E2-44B5-43BD-9B28-DD9A6EFF58C6}.Ad-Hoc|iPhone.Deploy.0 = Release|Any CPU
		{EFEB04E2-44B5-43BD-9B28-DD9A6EFF58C6}.Ad-Hoc|iPhoneSimulator.ActiveCfg = Release|Any CPU
		{EFEB04E2-44B5-43BD-9B28-DD9A6EFF58C6}.Ad-Hoc|iPhoneSimulator.Build.0 = Release|Any CPU
		{EFEB04E2-44B5-43BD-9B28-DD9A6EFF58C6}.Ad-Hoc|iPhoneSimulator.Deploy.0 = Release|Any CPU
		{EFEB04E2-44B5-43BD-9B28-DD9A6EFF58C6}.Ad-Hoc|x64.ActiveCfg = Release|Any CPU
		{EFEB04E2-44B5-43BD-9B28-DD9A6EFF58C6}.Ad-Hoc|x64.Build.0 = Release|Any CPU
		{EFEB04E2-44B5-43BD-9B28-DD9A6EFF58C6}.Ad-Hoc|x64.Deploy.0 = Release|Any CPU
		{EFEB04E2-44B5-43BD-9B28-DD9A6EFF58C6}.Ad-Hoc|x86.ActiveCfg = Release|Any CPU
		{EFEB04E2-44B5-43BD-9B28-DD9A6EFF58C6}.Ad-Hoc|x86.Build.0 = Release|Any CPU
		{EFEB04E2-44B5-43BD-9B28-DD9A6EFF58C6}.Ad-Hoc|x86.Deploy.0 = Release|Any CPU
		{EFEB04E2-44B5-43BD-9B28-DD9A6EFF58C6}.AppStore|Any CPU.ActiveCfg = Release|Any CPU
		{EFEB04E2-44B5-43BD-9B28-DD9A6EFF58C6}.AppStore|Any CPU.Build.0 = Release|Any CPU
		{EFEB04E2-44B5-43BD-9B28-DD9A6EFF58C6}.AppStore|Any CPU.Deploy.0 = Release|Any CPU
		{EFEB04E2-44B5-43BD-9B28-DD9A6EFF58C6}.AppStore|ARM.ActiveCfg = Release|Any CPU
		{EFEB04E2-44B5-43BD-9B28-DD9A6EFF58C6}.AppStore|ARM.Build.0 = Release|Any CPU
		{EFEB04E2-44B5-43BD-9B28-DD9A6EFF58C6}.AppStore|ARM.Deploy.0 = Release|Any CPU
		{EFEB04E2-44B5-43BD-9B28-DD9A6EFF58C6}.AppStore|iPhone.ActiveCfg = Release|Any CPU
		{EFEB04E2-44B5-43BD-9B28-DD9A6EFF58C6}.AppStore|iPhone.Build.0 = Release|Any CPU
		{EFEB04E2-44B5-43BD-9B28-DD9A6EFF58C6}.AppStore|iPhone.Deploy.0 = Release|Any CPU
		{EFEB04E2-44B5-43BD-9B28-DD9A6EFF58C6}.AppStore|iPhoneSimulator.ActiveCfg = Release|Any CPU
		{EFEB04E2-44B5-43BD-9B28-DD9A6EFF58C6}.AppStore|iPhoneSimulator.Build.0 = Release|Any CPU
		{EFEB04E2-44B5-43BD-9B28-DD9A6EFF58C6}.AppStore|iPhoneSimulator.Deploy.0 = Release|Any CPU
		{EFEB04E2-44B5-43BD-9B28-DD9A6EFF58C6}.AppStore|x64.ActiveCfg = Release|Any CPU
		{EFEB04E2-44B5-43BD-9B28-DD9A6EFF58C6}.AppStore|x64.Build.0 = Release|Any CPU
		{EFEB04E2-44B5-43BD-9B28-DD9A6EFF58C6}.AppStore|x64.Deploy.0 = Release|Any CPU
		{EFEB04E2-44B5-43BD-9B28-DD9A6EFF58C6}.AppStore|x86.ActiveCfg = Release|Any CPU
		{EFEB04E2-44B5-43BD-9B28-DD9A6EFF58C6}.AppStore|x86.Build.0 = Release|Any CPU
		{EFEB04E2-44B5-43BD-9B28-DD9A6EFF58C6}.AppStore|x86.Deploy.0 = Release|Any CPU
		{EFEB04E2-44B5-43BD-9B28-DD9A6EFF58C6}.Debug|Any CPU.ActiveCfg = Debug|Any CPU
		{EFEB04E2-44B5-43BD-9B28-DD9A6EFF58C6}.Debug|Any CPU.Build.0 = Debug|Any CPU
		{EFEB04E2-44B5-43BD-9B28-DD9A6EFF58C6}.Debug|Any CPU.Deploy.0 = Debug|Any CPU
		{EFEB04E2-44B5-43BD-9B28-DD9A6EFF58C6}.Debug|ARM.ActiveCfg = Debug|Any CPU
		{EFEB04E2-44B5-43BD-9B28-DD9A6EFF58C6}.Debug|ARM.Build.0 = Debug|Any CPU
		{EFEB04E2-44B5-43BD-9B28-DD9A6EFF58C6}.Debug|ARM.Deploy.0 = Debug|Any CPU
		{EFEB04E2-44B5-43BD-9B28-DD9A6EFF58C6}.Debug|iPhone.ActiveCfg = Debug|Any CPU
		{EFEB04E2-44B5-43BD-9B28-DD9A6EFF58C6}.Debug|iPhone.Build.0 = Debug|Any CPU
		{EFEB04E2-44B5-43BD-9B28-DD9A6EFF58C6}.Debug|iPhone.Deploy.0 = Debug|Any CPU
		{EFEB04E2-44B5-43BD-9B28-DD9A6EFF58C6}.Debug|iPhoneSimulator.ActiveCfg = Debug|Any CPU
		{EFEB04E2-44B5-43BD-9B28-DD9A6EFF58C6}.Debug|iPhoneSimulator.Build.0 = Debug|Any CPU
		{EFEB04E2-44B5-43BD-9B28-DD9A6EFF58C6}.Debug|iPhoneSimulator.Deploy.0 = Debug|Any CPU
		{EFEB04E2-44B5-43BD-9B28-DD9A6EFF58C6}.Debug|x64.ActiveCfg = Debug|Any CPU
		{EFEB04E2-44B5-43BD-9B28-DD9A6EFF58C6}.Debug|x64.Build.0 = Debug|Any CPU
		{EFEB04E2-44B5-43BD-9B28-DD9A6EFF58C6}.Debug|x64.Deploy.0 = Debug|Any CPU
		{EFEB04E2-44B5-43BD-9B28-DD9A6EFF58C6}.Debug|x86.ActiveCfg = Debug|Any CPU
		{EFEB04E2-44B5-43BD-9B28-DD9A6EFF58C6}.Debug|x86.Build.0 = Debug|Any CPU
		{EFEB04E2-44B5-43BD-9B28-DD9A6EFF58C6}.Debug|x86.Deploy.0 = Debug|Any CPU
		{EFEB04E2-44B5-43BD-9B28-DD9A6EFF58C6}.Release|Any CPU.ActiveCfg = Release|Any CPU
		{EFEB04E2-44B5-43BD-9B28-DD9A6EFF58C6}.Release|Any CPU.Build.0 = Release|Any CPU
		{EFEB04E2-44B5-43BD-9B28-DD9A6EFF58C6}.Release|Any CPU.Deploy.0 = Release|Any CPU
		{EFEB04E2-44B5-43BD-9B28-DD9A6EFF58C6}.Release|ARM.ActiveCfg = Release|Any CPU
		{EFEB04E2-44B5-43BD-9B28-DD9A6EFF58C6}.Release|ARM.Build.0 = Release|Any CPU
		{EFEB04E2-44B5-43BD-9B28-DD9A6EFF58C6}.Release|ARM.Deploy.0 = Release|Any CPU
		{EFEB04E2-44B5-43BD-9B28-DD9A6EFF58C6}.Release|iPhone.ActiveCfg = Release|Any CPU
		{EFEB04E2-44B5-43BD-9B28-DD9A6EFF58C6}.Release|iPhone.Build.0 = Release|Any CPU
		{EFEB04E2-44B5-43BD-9B28-DD9A6EFF58C6}.Release|iPhone.Deploy.0 = Release|Any CPU
		{EFEB04E2-44B5-43BD-9B28-DD9A6EFF58C6}.Release|iPhoneSimulator.ActiveCfg = Release|Any CPU
		{EFEB04E2-44B5-43BD-9B28-DD9A6EFF58C6}.Release|iPhoneSimulator.Build.0 = Release|Any CPU
		{EFEB04E2-44B5-43BD-9B28-DD9A6EFF58C6}.Release|iPhoneSimulator.Deploy.0 = Release|Any CPU
		{EFEB04E2-44B5-43BD-9B28-DD9A6EFF58C6}.Release|x64.ActiveCfg = Release|Any CPU
		{EFEB04E2-44B5-43BD-9B28-DD9A6EFF58C6}.Release|x64.Build.0 = Release|Any CPU
		{EFEB04E2-44B5-43BD-9B28-DD9A6EFF58C6}.Release|x64.Deploy.0 = Release|Any CPU
		{EFEB04E2-44B5-43BD-9B28-DD9A6EFF58C6}.Release|x86.ActiveCfg = Release|Any CPU
		{EFEB04E2-44B5-43BD-9B28-DD9A6EFF58C6}.Release|x86.Build.0 = Release|Any CPU
		{EFEB04E2-44B5-43BD-9B28-DD9A6EFF58C6}.Release|x86.Deploy.0 = Release|Any CPU
		{04A7AF1C-23B5-4EE4-A268-24C358A6E9CF}.Ad-Hoc|Any CPU.ActiveCfg = Ad-Hoc|iPhone
		{04A7AF1C-23B5-4EE4-A268-24C358A6E9CF}.Ad-Hoc|Any CPU.Build.0 = Ad-Hoc|iPhone
		{04A7AF1C-23B5-4EE4-A268-24C358A6E9CF}.Ad-Hoc|Any CPU.Deploy.0 = Ad-Hoc|iPhone
		{04A7AF1C-23B5-4EE4-A268-24C358A6E9CF}.Ad-Hoc|ARM.ActiveCfg = Ad-Hoc|iPhone
		{04A7AF1C-23B5-4EE4-A268-24C358A6E9CF}.Ad-Hoc|ARM.Build.0 = Ad-Hoc|iPhone
		{04A7AF1C-23B5-4EE4-A268-24C358A6E9CF}.Ad-Hoc|ARM.Deploy.0 = Ad-Hoc|iPhone
		{04A7AF1C-23B5-4EE4-A268-24C358A6E9CF}.Ad-Hoc|iPhone.ActiveCfg = Ad-Hoc|iPhone
		{04A7AF1C-23B5-4EE4-A268-24C358A6E9CF}.Ad-Hoc|iPhone.Build.0 = Ad-Hoc|iPhone
		{04A7AF1C-23B5-4EE4-A268-24C358A6E9CF}.Ad-Hoc|iPhone.Deploy.0 = Ad-Hoc|iPhone
		{04A7AF1C-23B5-4EE4-A268-24C358A6E9CF}.Ad-Hoc|iPhoneSimulator.ActiveCfg = Ad-Hoc|iPhoneSimulator
		{04A7AF1C-23B5-4EE4-A268-24C358A6E9CF}.Ad-Hoc|iPhoneSimulator.Build.0 = Ad-Hoc|iPhoneSimulator
		{04A7AF1C-23B5-4EE4-A268-24C358A6E9CF}.Ad-Hoc|iPhoneSimulator.Deploy.0 = Ad-Hoc|iPhoneSimulator
		{04A7AF1C-23B5-4EE4-A268-24C358A6E9CF}.Ad-Hoc|x64.ActiveCfg = Ad-Hoc|iPhone
		{04A7AF1C-23B5-4EE4-A268-24C358A6E9CF}.Ad-Hoc|x64.Build.0 = Ad-Hoc|iPhone
		{04A7AF1C-23B5-4EE4-A268-24C358A6E9CF}.Ad-Hoc|x64.Deploy.0 = Ad-Hoc|iPhone
		{04A7AF1C-23B5-4EE4-A268-24C358A6E9CF}.Ad-Hoc|x86.ActiveCfg = Ad-Hoc|iPhone
		{04A7AF1C-23B5-4EE4-A268-24C358A6E9CF}.Ad-Hoc|x86.Build.0 = Ad-Hoc|iPhone
		{04A7AF1C-23B5-4EE4-A268-24C358A6E9CF}.Ad-Hoc|x86.Deploy.0 = Ad-Hoc|iPhone
		{04A7AF1C-23B5-4EE4-A268-24C358A6E9CF}.AppStore|Any CPU.ActiveCfg = AppStore|iPhone
		{04A7AF1C-23B5-4EE4-A268-24C358A6E9CF}.AppStore|Any CPU.Build.0 = AppStore|iPhone
		{04A7AF1C-23B5-4EE4-A268-24C358A6E9CF}.AppStore|Any CPU.Deploy.0 = AppStore|iPhone
		{04A7AF1C-23B5-4EE4-A268-24C358A6E9CF}.AppStore|ARM.ActiveCfg = AppStore|iPhone
		{04A7AF1C-23B5-4EE4-A268-24C358A6E9CF}.AppStore|ARM.Build.0 = AppStore|iPhone
		{04A7AF1C-23B5-4EE4-A268-24C358A6E9CF}.AppStore|ARM.Deploy.0 = AppStore|iPhone
		{04A7AF1C-23B5-4EE4-A268-24C358A6E9CF}.AppStore|iPhone.ActiveCfg = AppStore|iPhone
		{04A7AF1C-23B5-4EE4-A268-24C358A6E9CF}.AppStore|iPhone.Build.0 = AppStore|iPhone
		{04A7AF1C-23B5-4EE4-A268-24C358A6E9CF}.AppStore|iPhone.Deploy.0 = AppStore|iPhone
		{04A7AF1C-23B5-4EE4-A268-24C358A6E9CF}.AppStore|iPhoneSimulator.ActiveCfg = AppStore|iPhoneSimulator
		{04A7AF1C-23B5-4EE4-A268-24C358A6E9CF}.AppStore|iPhoneSimulator.Build.0 = AppStore|iPhoneSimulator
		{04A7AF1C-23B5-4EE4-A268-24C358A6E9CF}.AppStore|iPhoneSimulator.Deploy.0 = AppStore|iPhoneSimulator
		{04A7AF1C-23B5-4EE4-A268-24C358A6E9CF}.AppStore|x64.ActiveCfg = AppStore|iPhone
		{04A7AF1C-23B5-4EE4-A268-24C358A6E9CF}.AppStore|x64.Build.0 = AppStore|iPhone
		{04A7AF1C-23B5-4EE4-A268-24C358A6E9CF}.AppStore|x64.Deploy.0 = AppStore|iPhone
		{04A7AF1C-23B5-4EE4-A268-24C358A6E9CF}.AppStore|x86.ActiveCfg = AppStore|iPhone
		{04A7AF1C-23B5-4EE4-A268-24C358A6E9CF}.AppStore|x86.Build.0 = AppStore|iPhone
		{04A7AF1C-23B5-4EE4-A268-24C358A6E9CF}.AppStore|x86.Deploy.0 = AppStore|iPhone
		{04A7AF1C-23B5-4EE4-A268-24C358A6E9CF}.Debug|Any CPU.ActiveCfg = Debug|iPhoneSimulator
		{04A7AF1C-23B5-4EE4-A268-24C358A6E9CF}.Debug|Any CPU.Build.0 = Debug|iPhoneSimulator
		{04A7AF1C-23B5-4EE4-A268-24C358A6E9CF}.Debug|Any CPU.Deploy.0 = Debug|iPhoneSimulator
		{04A7AF1C-23B5-4EE4-A268-24C358A6E9CF}.Debug|ARM.ActiveCfg = Debug|iPhone
		{04A7AF1C-23B5-4EE4-A268-24C358A6E9CF}.Debug|ARM.Build.0 = Debug|iPhone
		{04A7AF1C-23B5-4EE4-A268-24C358A6E9CF}.Debug|ARM.Deploy.0 = Debug|iPhone
		{04A7AF1C-23B5-4EE4-A268-24C358A6E9CF}.Debug|iPhone.ActiveCfg = Debug|iPhone
		{04A7AF1C-23B5-4EE4-A268-24C358A6E9CF}.Debug|iPhone.Build.0 = Debug|iPhone
		{04A7AF1C-23B5-4EE4-A268-24C358A6E9CF}.Debug|iPhone.Deploy.0 = Debug|iPhone
		{04A7AF1C-23B5-4EE4-A268-24C358A6E9CF}.Debug|iPhoneSimulator.ActiveCfg = Debug|iPhoneSimulator
		{04A7AF1C-23B5-4EE4-A268-24C358A6E9CF}.Debug|iPhoneSimulator.Build.0 = Debug|iPhoneSimulator
		{04A7AF1C-23B5-4EE4-A268-24C358A6E9CF}.Debug|iPhoneSimulator.Deploy.0 = Debug|iPhoneSimulator
		{04A7AF1C-23B5-4EE4-A268-24C358A6E9CF}.Debug|x64.ActiveCfg = Debug|iPhone
		{04A7AF1C-23B5-4EE4-A268-24C358A6E9CF}.Debug|x64.Build.0 = Debug|iPhone
		{04A7AF1C-23B5-4EE4-A268-24C358A6E9CF}.Debug|x64.Deploy.0 = Debug|iPhone
		{04A7AF1C-23B5-4EE4-A268-24C358A6E9CF}.Debug|x86.ActiveCfg = Debug|iPhone
		{04A7AF1C-23B5-4EE4-A268-24C358A6E9CF}.Debug|x86.Build.0 = Debug|iPhone
		{04A7AF1C-23B5-4EE4-A268-24C358A6E9CF}.Debug|x86.Deploy.0 = Debug|iPhone
		{04A7AF1C-23B5-4EE4-A268-24C358A6E9CF}.Release|Any CPU.ActiveCfg = Release|iPhone
		{04A7AF1C-23B5-4EE4-A268-24C358A6E9CF}.Release|Any CPU.Build.0 = Release|iPhone
		{04A7AF1C-23B5-4EE4-A268-24C358A6E9CF}.Release|Any CPU.Deploy.0 = Release|iPhone
		{04A7AF1C-23B5-4EE4-A268-24C358A6E9CF}.Release|ARM.ActiveCfg = Release|iPhone
		{04A7AF1C-23B5-4EE4-A268-24C358A6E9CF}.Release|ARM.Build.0 = Release|iPhone
		{04A7AF1C-23B5-4EE4-A268-24C358A6E9CF}.Release|ARM.Deploy.0 = Release|iPhone
		{04A7AF1C-23B5-4EE4-A268-24C358A6E9CF}.Release|iPhone.ActiveCfg = Release|iPhone
		{04A7AF1C-23B5-4EE4-A268-24C358A6E9CF}.Release|iPhone.Build.0 = Release|iPhone
		{04A7AF1C-23B5-4EE4-A268-24C358A6E9CF}.Release|iPhone.Deploy.0 = Release|iPhone
		{04A7AF1C-23B5-4EE4-A268-24C358A6E9CF}.Release|iPhoneSimulator.ActiveCfg = Release|iPhoneSimulator
		{04A7AF1C-23B5-4EE4-A268-24C358A6E9CF}.Release|iPhoneSimulator.Build.0 = Release|iPhoneSimulator
		{04A7AF1C-23B5-4EE4-A268-24C358A6E9CF}.Release|iPhoneSimulator.Deploy.0 = Release|iPhoneSimulator
		{04A7AF1C-23B5-4EE4-A268-24C358A6E9CF}.Release|x64.ActiveCfg = Release|iPhone
		{04A7AF1C-23B5-4EE4-A268-24C358A6E9CF}.Release|x64.Build.0 = Release|iPhone
		{04A7AF1C-23B5-4EE4-A268-24C358A6E9CF}.Release|x64.Deploy.0 = Release|iPhone
		{04A7AF1C-23B5-4EE4-A268-24C358A6E9CF}.Release|x86.ActiveCfg = Release|iPhone
		{04A7AF1C-23B5-4EE4-A268-24C358A6E9CF}.Release|x86.Build.0 = Release|iPhone
		{04A7AF1C-23B5-4EE4-A268-24C358A6E9CF}.Release|x86.Deploy.0 = Release|iPhone
		{9D9C159B-8EED-4DCB-B7B0-85EE67FCFEC5}.Ad-Hoc|Any CPU.ActiveCfg = Release|x86
		{9D9C159B-8EED-4DCB-B7B0-85EE67FCFEC5}.Ad-Hoc|Any CPU.Build.0 = Release|x86
		{9D9C159B-8EED-4DCB-B7B0-85EE67FCFEC5}.Ad-Hoc|Any CPU.Deploy.0 = Release|x86
		{9D9C159B-8EED-4DCB-B7B0-85EE67FCFEC5}.Ad-Hoc|ARM.ActiveCfg = Release|ARM
		{9D9C159B-8EED-4DCB-B7B0-85EE67FCFEC5}.Ad-Hoc|ARM.Build.0 = Release|ARM
		{9D9C159B-8EED-4DCB-B7B0-85EE67FCFEC5}.Ad-Hoc|ARM.Deploy.0 = Release|ARM
		{9D9C159B-8EED-4DCB-B7B0-85EE67FCFEC5}.Ad-Hoc|iPhone.ActiveCfg = Release|x86
		{9D9C159B-8EED-4DCB-B7B0-85EE67FCFEC5}.Ad-Hoc|iPhone.Build.0 = Release|x86
		{9D9C159B-8EED-4DCB-B7B0-85EE67FCFEC5}.Ad-Hoc|iPhone.Deploy.0 = Release|x86
		{9D9C159B-8EED-4DCB-B7B0-85EE67FCFEC5}.Ad-Hoc|iPhoneSimulator.ActiveCfg = Release|x86
		{9D9C159B-8EED-4DCB-B7B0-85EE67FCFEC5}.Ad-Hoc|iPhoneSimulator.Build.0 = Release|x86
		{9D9C159B-8EED-4DCB-B7B0-85EE67FCFEC5}.Ad-Hoc|iPhoneSimulator.Deploy.0 = Release|x86
		{9D9C159B-8EED-4DCB-B7B0-85EE67FCFEC5}.Ad-Hoc|x64.ActiveCfg = Release|x64
		{9D9C159B-8EED-4DCB-B7B0-85EE67FCFEC5}.Ad-Hoc|x64.Build.0 = Release|x64
		{9D9C159B-8EED-4DCB-B7B0-85EE67FCFEC5}.Ad-Hoc|x64.Deploy.0 = Release|x64
		{9D9C159B-8EED-4DCB-B7B0-85EE67FCFEC5}.Ad-Hoc|x86.ActiveCfg = Release|x86
		{9D9C159B-8EED-4DCB-B7B0-85EE67FCFEC5}.Ad-Hoc|x86.Build.0 = Release|x86
		{9D9C159B-8EED-4DCB-B7B0-85EE67FCFEC5}.Ad-Hoc|x86.Deploy.0 = Release|x86
		{9D9C159B-8EED-4DCB-B7B0-85EE67FCFEC5}.AppStore|Any CPU.ActiveCfg = Release|x86
		{9D9C159B-8EED-4DCB-B7B0-85EE67FCFEC5}.AppStore|Any CPU.Build.0 = Release|x86
		{9D9C159B-8EED-4DCB-B7B0-85EE67FCFEC5}.AppStore|Any CPU.Deploy.0 = Release|x86
		{9D9C159B-8EED-4DCB-B7B0-85EE67FCFEC5}.AppStore|ARM.ActiveCfg = Release|ARM
		{9D9C159B-8EED-4DCB-B7B0-85EE67FCFEC5}.AppStore|ARM.Build.0 = Release|ARM
		{9D9C159B-8EED-4DCB-B7B0-85EE67FCFEC5}.AppStore|ARM.Deploy.0 = Release|ARM
		{9D9C159B-8EED-4DCB-B7B0-85EE67FCFEC5}.AppStore|iPhone.ActiveCfg = Release|x86
		{9D9C159B-8EED-4DCB-B7B0-85EE67FCFEC5}.AppStore|iPhone.Build.0 = Release|x86
		{9D9C159B-8EED-4DCB-B7B0-85EE67FCFEC5}.AppStore|iPhone.Deploy.0 = Release|x86
		{9D9C159B-8EED-4DCB-B7B0-85EE67FCFEC5}.AppStore|iPhoneSimulator.ActiveCfg = Release|x86
		{9D9C159B-8EED-4DCB-B7B0-85EE67FCFEC5}.AppStore|iPhoneSimulator.Build.0 = Release|x86
		{9D9C159B-8EED-4DCB-B7B0-85EE67FCFEC5}.AppStore|iPhoneSimulator.Deploy.0 = Release|x86
		{9D9C159B-8EED-4DCB-B7B0-85EE67FCFEC5}.AppStore|x64.ActiveCfg = Release|x64
		{9D9C159B-8EED-4DCB-B7B0-85EE67FCFEC5}.AppStore|x64.Build.0 = Release|x64
		{9D9C159B-8EED-4DCB-B7B0-85EE67FCFEC5}.AppStore|x64.Deploy.0 = Release|x64
		{9D9C159B-8EED-4DCB-B7B0-85EE67FCFEC5}.AppStore|x86.ActiveCfg = Release|x86
		{9D9C159B-8EED-4DCB-B7B0-85EE67FCFEC5}.AppStore|x86.Build.0 = Release|x86
		{9D9C159B-8EED-4DCB-B7B0-85EE67FCFEC5}.AppStore|x86.Deploy.0 = Release|x86
		{9D9C159B-8EED-4DCB-B7B0-85EE67FCFEC5}.Debug|Any CPU.ActiveCfg = Debug|x86
		{9D9C159B-8EED-4DCB-B7B0-85EE67FCFEC5}.Debug|Any CPU.Build.0 = Debug|x86
		{9D9C159B-8EED-4DCB-B7B0-85EE67FCFEC5}.Debug|Any CPU.Deploy.0 = Debug|x86
		{9D9C159B-8EED-4DCB-B7B0-85EE67FCFEC5}.Debug|ARM.ActiveCfg = Debug|ARM
		{9D9C159B-8EED-4DCB-B7B0-85EE67FCFEC5}.Debug|ARM.Build.0 = Debug|ARM
		{9D9C159B-8EED-4DCB-B7B0-85EE67FCFEC5}.Debug|ARM.Deploy.0 = Debug|ARM
		{9D9C159B-8EED-4DCB-B7B0-85EE67FCFEC5}.Debug|iPhone.ActiveCfg = Debug|x86
		{9D9C159B-8EED-4DCB-B7B0-85EE67FCFEC5}.Debug|iPhone.Build.0 = Debug|x86
		{9D9C159B-8EED-4DCB-B7B0-85EE67FCFEC5}.Debug|iPhone.Deploy.0 = Debug|x86
		{9D9C159B-8EED-4DCB-B7B0-85EE67FCFEC5}.Debug|iPhoneSimulator.ActiveCfg = Debug|x86
		{9D9C159B-8EED-4DCB-B7B0-85EE67FCFEC5}.Debug|iPhoneSimulator.Build.0 = Debug|x86
		{9D9C159B-8EED-4DCB-B7B0-85EE67FCFEC5}.Debug|iPhoneSimulator.Deploy.0 = Debug|x86
		{9D9C159B-8EED-4DCB-B7B0-85EE67FCFEC5}.Debug|x64.ActiveCfg = Debug|x64
		{9D9C159B-8EED-4DCB-B7B0-85EE67FCFEC5}.Debug|x64.Build.0 = Debug|x64
		{9D9C159B-8EED-4DCB-B7B0-85EE67FCFEC5}.Debug|x64.Deploy.0 = Debug|x64
		{9D9C159B-8EED-4DCB-B7B0-85EE67FCFEC5}.Debug|x86.ActiveCfg = Debug|x86
		{9D9C159B-8EED-4DCB-B7B0-85EE67FCFEC5}.Debug|x86.Build.0 = Debug|x86
		{9D9C159B-8EED-4DCB-B7B0-85EE67FCFEC5}.Debug|x86.Deploy.0 = Debug|x86
		{9D9C159B-8EED-4DCB-B7B0-85EE67FCFEC5}.Release|Any CPU.ActiveCfg = Release|x86
		{9D9C159B-8EED-4DCB-B7B0-85EE67FCFEC5}.Release|Any CPU.Build.0 = Release|x86
		{9D9C159B-8EED-4DCB-B7B0-85EE67FCFEC5}.Release|Any CPU.Deploy.0 = Release|x86
		{9D9C159B-8EED-4DCB-B7B0-85EE67FCFEC5}.Release|ARM.ActiveCfg = Release|ARM
		{9D9C159B-8EED-4DCB-B7B0-85EE67FCFEC5}.Release|ARM.Build.0 = Release|ARM
		{9D9C159B-8EED-4DCB-B7B0-85EE67FCFEC5}.Release|ARM.Deploy.0 = Release|ARM
		{9D9C159B-8EED-4DCB-B7B0-85EE67FCFEC5}.Release|iPhone.ActiveCfg = Release|x86
		{9D9C159B-8EED-4DCB-B7B0-85EE67FCFEC5}.Release|iPhone.Build.0 = Release|x86
		{9D9C159B-8EED-4DCB-B7B0-85EE67FCFEC5}.Release|iPhone.Deploy.0 = Release|x86
		{9D9C159B-8EED-4DCB-B7B0-85EE67FCFEC5}.Release|iPhoneSimulator.ActiveCfg = Release|x86
		{9D9C159B-8EED-4DCB-B7B0-85EE67FCFEC5}.Release|iPhoneSimulator.Build.0 = Release|x86
		{9D9C159B-8EED-4DCB-B7B0-85EE67FCFEC5}.Release|iPhoneSimulator.Deploy.0 = Release|x86
		{9D9C159B-8EED-4DCB-B7B0-85EE67FCFEC5}.Release|x64.ActiveCfg = Release|x64
		{9D9C159B-8EED-4DCB-B7B0-85EE67FCFEC5}.Release|x64.Build.0 = Release|x64
		{9D9C159B-8EED-4DCB-B7B0-85EE67FCFEC5}.Release|x64.Deploy.0 = Release|x64
		{9D9C159B-8EED-4DCB-B7B0-85EE67FCFEC5}.Release|x86.ActiveCfg = Release|x86
		{9D9C159B-8EED-4DCB-B7B0-85EE67FCFEC5}.Release|x86.Build.0 = Release|x86
		{9D9C159B-8EED-4DCB-B7B0-85EE67FCFEC5}.Release|x86.Deploy.0 = Release|x86
		{D8906001-3A50-451C-B778-F5A4689FC3C9}.Ad-Hoc|Any CPU.ActiveCfg = Debug|Any CPU
		{D8906001-3A50-451C-B778-F5A4689FC3C9}.Ad-Hoc|Any CPU.Build.0 = Debug|Any CPU
		{D8906001-3A50-451C-B778-F5A4689FC3C9}.Ad-Hoc|Any CPU.Deploy.0 = Debug|Any CPU
		{D8906001-3A50-451C-B778-F5A4689FC3C9}.Ad-Hoc|ARM.ActiveCfg = Debug|Any CPU
		{D8906001-3A50-451C-B778-F5A4689FC3C9}.Ad-Hoc|ARM.Build.0 = Debug|Any CPU
		{D8906001-3A50-451C-B778-F5A4689FC3C9}.Ad-Hoc|ARM.Deploy.0 = Debug|Any CPU
		{D8906001-3A50-451C-B778-F5A4689FC3C9}.Ad-Hoc|iPhone.ActiveCfg = Debug|Any CPU
		{D8906001-3A50-451C-B778-F5A4689FC3C9}.Ad-Hoc|iPhone.Build.0 = Debug|Any CPU
		{D8906001-3A50-451C-B778-F5A4689FC3C9}.Ad-Hoc|iPhone.Deploy.0 = Debug|Any CPU
		{D8906001-3A50-451C-B778-F5A4689FC3C9}.Ad-Hoc|iPhoneSimulator.ActiveCfg = Debug|Any CPU
		{D8906001-3A50-451C-B778-F5A4689FC3C9}.Ad-Hoc|iPhoneSimulator.Build.0 = Debug|Any CPU
		{D8906001-3A50-451C-B778-F5A4689FC3C9}.Ad-Hoc|iPhoneSimulator.Deploy.0 = Debug|Any CPU
		{D8906001-3A50-451C-B778-F5A4689FC3C9}.Ad-Hoc|x64.ActiveCfg = Debug|Any CPU
		{D8906001-3A50-451C-B778-F5A4689FC3C9}.Ad-Hoc|x64.Build.0 = Debug|Any CPU
		{D8906001-3A50-451C-B778-F5A4689FC3C9}.Ad-Hoc|x64.Deploy.0 = Debug|Any CPU
		{D8906001-3A50-451C-B778-F5A4689FC3C9}.Ad-Hoc|x86.ActiveCfg = Debug|Any CPU
		{D8906001-3A50-451C-B778-F5A4689FC3C9}.Ad-Hoc|x86.Build.0 = Debug|Any CPU
		{D8906001-3A50-451C-B778-F5A4689FC3C9}.Ad-Hoc|x86.Deploy.0 = Debug|Any CPU
		{D8906001-3A50-451C-B778-F5A4689FC3C9}.AppStore|Any CPU.ActiveCfg = Debug|Any CPU
		{D8906001-3A50-451C-B778-F5A4689FC3C9}.AppStore|Any CPU.Build.0 = Debug|Any CPU
		{D8906001-3A50-451C-B778-F5A4689FC3C9}.AppStore|Any CPU.Deploy.0 = Debug|Any CPU
		{D8906001-3A50-451C-B778-F5A4689FC3C9}.AppStore|ARM.ActiveCfg = Debug|Any CPU
		{D8906001-3A50-451C-B778-F5A4689FC3C9}.AppStore|ARM.Build.0 = Debug|Any CPU
		{D8906001-3A50-451C-B778-F5A4689FC3C9}.AppStore|ARM.Deploy.0 = Debug|Any CPU
		{D8906001-3A50-451C-B778-F5A4689FC3C9}.AppStore|iPhone.ActiveCfg = Debug|Any CPU
		{D8906001-3A50-451C-B778-F5A4689FC3C9}.AppStore|iPhone.Build.0 = Debug|Any CPU
		{D8906001-3A50-451C-B778-F5A4689FC3C9}.AppStore|iPhone.Deploy.0 = Debug|Any CPU
		{D8906001-3A50-451C-B778-F5A4689FC3C9}.AppStore|iPhoneSimulator.ActiveCfg = Debug|Any CPU
		{D8906001-3A50-451C-B778-F5A4689FC3C9}.AppStore|iPhoneSimulator.Build.0 = Debug|Any CPU
		{D8906001-3A50-451C-B778-F5A4689FC3C9}.AppStore|iPhoneSimulator.Deploy.0 = Debug|Any CPU
		{D8906001-3A50-451C-B778-F5A4689FC3C9}.AppStore|x64.ActiveCfg = Debug|Any CPU
		{D8906001-3A50-451C-B778-F5A4689FC3C9}.AppStore|x64.Build.0 = Debug|Any CPU
		{D8906001-3A50-451C-B778-F5A4689FC3C9}.AppStore|x64.Deploy.0 = Debug|Any CPU
		{D8906001-3A50-451C-B778-F5A4689FC3C9}.AppStore|x86.ActiveCfg = Debug|Any CPU
		{D8906001-3A50-451C-B778-F5A4689FC3C9}.AppStore|x86.Build.0 = Debug|Any CPU
		{D8906001-3A50-451C-B778-F5A4689FC3C9}.AppStore|x86.Deploy.0 = Debug|Any CPU
		{D8906001-3A50-451C-B778-F5A4689FC3C9}.Debug|Any CPU.ActiveCfg = Debug|Any CPU
		{D8906001-3A50-451C-B778-F5A4689FC3C9}.Debug|Any CPU.Build.0 = Debug|Any CPU
		{D8906001-3A50-451C-B778-F5A4689FC3C9}.Debug|Any CPU.Deploy.0 = Debug|Any CPU
		{D8906001-3A50-451C-B778-F5A4689FC3C9}.Debug|ARM.ActiveCfg = Debug|Any CPU
		{D8906001-3A50-451C-B778-F5A4689FC3C9}.Debug|ARM.Build.0 = Debug|Any CPU
		{D8906001-3A50-451C-B778-F5A4689FC3C9}.Debug|ARM.Deploy.0 = Debug|Any CPU
		{D8906001-3A50-451C-B778-F5A4689FC3C9}.Debug|iPhone.ActiveCfg = Debug|Any CPU
		{D8906001-3A50-451C-B778-F5A4689FC3C9}.Debug|iPhone.Build.0 = Debug|Any CPU
		{D8906001-3A50-451C-B778-F5A4689FC3C9}.Debug|iPhone.Deploy.0 = Debug|Any CPU
		{D8906001-3A50-451C-B778-F5A4689FC3C9}.Debug|iPhoneSimulator.ActiveCfg = Debug|Any CPU
		{D8906001-3A50-451C-B778-F5A4689FC3C9}.Debug|iPhoneSimulator.Build.0 = Debug|Any CPU
		{D8906001-3A50-451C-B778-F5A4689FC3C9}.Debug|iPhoneSimulator.Deploy.0 = Debug|Any CPU
		{D8906001-3A50-451C-B778-F5A4689FC3C9}.Debug|x64.ActiveCfg = Debug|Any CPU
		{D8906001-3A50-451C-B778-F5A4689FC3C9}.Debug|x64.Build.0 = Debug|Any CPU
		{D8906001-3A50-451C-B778-F5A4689FC3C9}.Debug|x64.Deploy.0 = Debug|Any CPU
		{D8906001-3A50-451C-B778-F5A4689FC3C9}.Debug|x86.ActiveCfg = Debug|Any CPU
		{D8906001-3A50-451C-B778-F5A4689FC3C9}.Debug|x86.Build.0 = Debug|Any CPU
		{D8906001-3A50-451C-B778-F5A4689FC3C9}.Debug|x86.Deploy.0 = Debug|Any CPU
		{D8906001-3A50-451C-B778-F5A4689FC3C9}.Release|Any CPU.ActiveCfg = Release|Any CPU
		{D8906001-3A50-451C-B778-F5A4689FC3C9}.Release|Any CPU.Build.0 = Release|Any CPU
		{D8906001-3A50-451C-B778-F5A4689FC3C9}.Release|Any CPU.Deploy.0 = Release|Any CPU
		{D8906001-3A50-451C-B778-F5A4689FC3C9}.Release|ARM.ActiveCfg = Release|Any CPU
		{D8906001-3A50-451C-B778-F5A4689FC3C9}.Release|ARM.Build.0 = Release|Any CPU
		{D8906001-3A50-451C-B778-F5A4689FC3C9}.Release|ARM.Deploy.0 = Release|Any CPU
		{D8906001-3A50-451C-B778-F5A4689FC3C9}.Release|iPhone.ActiveCfg = Release|Any CPU
		{D8906001-3A50-451C-B778-F5A4689FC3C9}.Release|iPhone.Build.0 = Release|Any CPU
		{D8906001-3A50-451C-B778-F5A4689FC3C9}.Release|iPhone.Deploy.0 = Release|Any CPU
		{D8906001-3A50-451C-B778-F5A4689FC3C9}.Release|iPhoneSimulator.ActiveCfg = Release|Any CPU
		{D8906001-3A50-451C-B778-F5A4689FC3C9}.Release|iPhoneSimulator.Build.0 = Release|Any CPU
		{D8906001-3A50-451C-B778-F5A4689FC3C9}.Release|iPhoneSimulator.Deploy.0 = Release|Any CPU
		{D8906001-3A50-451C-B778-F5A4689FC3C9}.Release|x64.ActiveCfg = Release|Any CPU
		{D8906001-3A50-451C-B778-F5A4689FC3C9}.Release|x64.Build.0 = Release|Any CPU
		{D8906001-3A50-451C-B778-F5A4689FC3C9}.Release|x64.Deploy.0 = Release|Any CPU
		{D8906001-3A50-451C-B778-F5A4689FC3C9}.Release|x86.ActiveCfg = Release|Any CPU
		{D8906001-3A50-451C-B778-F5A4689FC3C9}.Release|x86.Build.0 = Release|Any CPU
		{D8906001-3A50-451C-B778-F5A4689FC3C9}.Release|x86.Deploy.0 = Release|Any CPU
	EndGlobalSection
	GlobalSection(SolutionProperties) = preSolution
		HideSolutionNode = FALSE
	EndGlobalSection
	GlobalSection(ExtensibilityGlobals) = postSolution
		SolutionGuid = {C02DF2D6-CF5E-4E1A-968E-6ABEA7E4929B}
	EndGlobalSection
EndGlobal
