
Microsoft Visual Studio Solution File, Format Version 12.00
# Visual Studio 15
VisualStudioVersion = 15.0.28307.168
MinimumVisualStudioVersion = 10.0.40219.1
Project("{FAE04EC0-301F-11D3-BF4B-00C04F79EFBC}") = "App1_Vagas.Android", "App1_Vagas\App1_Vagas.Android\App1_Vagas.Android.csproj", "{94D94806-6CF6-49C8-80A5-B5A7EF1D8E9D}"
EndProject
Project("{FAE04EC0-301F-11D3-BF4B-00C04F79EFBC}") = "App1_Vagas.iOS", "App1_Vagas\App1_Vagas.iOS\App1_Vagas.iOS.csproj", "{BA8F4775-8374-4FB5-9E37-312F702DE7C0}"
EndProject
Project("{FAE04EC0-301F-11D3-BF4B-00C04F79EFBC}") = "App1_Vagas.UWP", "App1_Vagas\App1_Vagas.UWP\App1_Vagas.UWP.csproj", "{200DAAF4-8CE5-4391-BA23-9D64EB875B54}"
EndProject
Project("{FAE04EC0-301F-11D3-BF4B-00C04F79EFBC}") = "App1_Vagas", "App1_Vagas\App1_Vagas\App1_Vagas.csproj", "{2CA5FF70-0015-463D-952B-3DC2B4404170}"
EndProject
Global
	GlobalSection(SolutionConfigurationPlatforms) = preSolution
		Ad-Hoc|Any CPU = Ad-Hoc|Any CPU
		Ad-Hoc|ARM = Ad-Hoc|ARM
		Ad-Hoc|iPhone = Ad-Hoc|iPhone
		Ad-Hoc|iPhoneSimulator = Ad-Hoc|iPhoneSimulator
		Ad-Hoc|x64 = Ad-Hoc|x64
		Ad-Hoc|x86 = Ad-Hoc|x86
		AppStore|Any CPU = AppStore|Any CPU
		AppStore|ARM = AppStore|ARM
		AppStore|iPhone = AppStore|iPhone
		AppStore|iPhoneSimulator = AppStore|iPhoneSimulator
		AppStore|x64 = AppStore|x64
		AppStore|x86 = AppStore|x86
		Debug|Any CPU = Debug|Any CPU
		Debug|ARM = Debug|ARM
		Debug|iPhone = Debug|iPhone
		Debug|iPhoneSimulator = Debug|iPhoneSimulator
		Debug|x64 = Debug|x64
		Debug|x86 = Debug|x86
		Release|Any CPU = Release|Any CPU
		Release|ARM = Release|ARM
		Release|iPhone = Release|iPhone
		Release|iPhoneSimulator = Release|iPhoneSimulator
		Release|x64 = Release|x64
		Release|x86 = Release|x86
	EndGlobalSection
	GlobalSection(ProjectConfigurationPlatforms) = postSolution
		{94D94806-6CF6-49C8-80A5-B5A7EF1D8E9D}.Ad-Hoc|Any CPU.ActiveCfg = Release|Any CPU
		{94D94806-6CF6-49C8-80A5-B5A7EF1D8E9D}.Ad-Hoc|Any CPU.Build.0 = Release|Any CPU
		{94D94806-6CF6-49C8-80A5-B5A7EF1D8E9D}.Ad-Hoc|Any CPU.Deploy.0 = Release|Any CPU
		{94D94806-6CF6-49C8-80A5-B5A7EF1D8E9D}.Ad-Hoc|ARM.ActiveCfg = Release|Any CPU
		{94D94806-6CF6-49C8-80A5-B5A7EF1D8E9D}.Ad-Hoc|ARM.Build.0 = Release|Any CPU
		{94D94806-6CF6-49C8-80A5-B5A7EF1D8E9D}.Ad-Hoc|ARM.Deploy.0 = Release|Any CPU
		{94D94806-6CF6-49C8-80A5-B5A7EF1D8E9D}.Ad-Hoc|iPhone.ActiveCfg = Release|Any CPU
		{94D94806-6CF6-49C8-80A5-B5A7EF1D8E9D}.Ad-Hoc|iPhone.Build.0 = Release|Any CPU
		{94D94806-6CF6-49C8-80A5-B5A7EF1D8E9D}.Ad-Hoc|iPhone.Deploy.0 = Release|Any CPU
		{94D94806-6CF6-49C8-80A5-B5A7EF1D8E9D}.Ad-Hoc|iPhoneSimulator.ActiveCfg = Release|Any CPU
		{94D94806-6CF6-49C8-80A5-B5A7EF1D8E9D}.Ad-Hoc|iPhoneSimulator.Build.0 = Release|Any CPU
		{94D94806-6CF6-49C8-80A5-B5A7EF1D8E9D}.Ad-Hoc|iPhoneSimulator.Deploy.0 = Release|Any CPU
		{94D94806-6CF6-49C8-80A5-B5A7EF1D8E9D}.Ad-Hoc|x64.ActiveCfg = Release|Any CPU
		{94D94806-6CF6-49C8-80A5-B5A7EF1D8E9D}.Ad-Hoc|x64.Build.0 = Release|Any CPU
		{94D94806-6CF6-49C8-80A5-B5A7EF1D8E9D}.Ad-Hoc|x64.Deploy.0 = Release|Any CPU
		{94D94806-6CF6-49C8-80A5-B5A7EF1D8E9D}.Ad-Hoc|x86.ActiveCfg = Release|Any CPU
		{94D94806-6CF6-49C8-80A5-B5A7EF1D8E9D}.Ad-Hoc|x86.Build.0 = Release|Any CPU
		{94D94806-6CF6-49C8-80A5-B5A7EF1D8E9D}.Ad-Hoc|x86.Deploy.0 = Release|Any CPU
		{94D94806-6CF6-49C8-80A5-B5A7EF1D8E9D}.AppStore|Any CPU.ActiveCfg = Release|Any CPU
		{94D94806-6CF6-49C8-80A5-B5A7EF1D8E9D}.AppStore|Any CPU.Build.0 = Release|Any CPU
		{94D94806-6CF6-49C8-80A5-B5A7EF1D8E9D}.AppStore|Any CPU.Deploy.0 = Release|Any CPU
		{94D94806-6CF6-49C8-80A5-B5A7EF1D8E9D}.AppStore|ARM.ActiveCfg = Release|Any CPU
		{94D94806-6CF6-49C8-80A5-B5A7EF1D8E9D}.AppStore|ARM.Build.0 = Release|Any CPU
		{94D94806-6CF6-49C8-80A5-B5A7EF1D8E9D}.AppStore|ARM.Deploy.0 = Release|Any CPU
		{94D94806-6CF6-49C8-80A5-B5A7EF1D8E9D}.AppStore|iPhone.ActiveCfg = Release|Any CPU
		{94D94806-6CF6-49C8-80A5-B5A7EF1D8E9D}.AppStore|iPhone.Build.0 = Release|Any CPU
		{94D94806-6CF6-49C8-80A5-B5A7EF1D8E9D}.AppStore|iPhone.Deploy.0 = Release|Any CPU
		{94D94806-6CF6-49C8-80A5-B5A7EF1D8E9D}.AppStore|iPhoneSimulator.ActiveCfg = Release|Any CPU
		{94D94806-6CF6-49C8-80A5-B5A7EF1D8E9D}.AppStore|iPhoneSimulator.Build.0 = Release|Any CPU
		{94D94806-6CF6-49C8-80A5-B5A7EF1D8E9D}.AppStore|iPhoneSimulator.Deploy.0 = Release|Any CPU
		{94D94806-6CF6-49C8-80A5-B5A7EF1D8E9D}.AppStore|x64.ActiveCfg = Release|Any CPU
		{94D94806-6CF6-49C8-80A5-B5A7EF1D8E9D}.AppStore|x64.Build.0 = Release|Any CPU
		{94D94806-6CF6-49C8-80A5-B5A7EF1D8E9D}.AppStore|x64.Deploy.0 = Release|Any CPU
		{94D94806-6CF6-49C8-80A5-B5A7EF1D8E9D}.AppStore|x86.ActiveCfg = Release|Any CPU
		{94D94806-6CF6-49C8-80A5-B5A7EF1D8E9D}.AppStore|x86.Build.0 = Release|Any CPU
		{94D94806-6CF6-49C8-80A5-B5A7EF1D8E9D}.AppStore|x86.Deploy.0 = Release|Any CPU
		{94D94806-6CF6-49C8-80A5-B5A7EF1D8E9D}.Debug|Any CPU.ActiveCfg = Debug|Any CPU
		{94D94806-6CF6-49C8-80A5-B5A7EF1D8E9D}.Debug|Any CPU.Build.0 = Debug|Any CPU
		{94D94806-6CF6-49C8-80A5-B5A7EF1D8E9D}.Debug|Any CPU.Deploy.0 = Debug|Any CPU
		{94D94806-6CF6-49C8-80A5-B5A7EF1D8E9D}.Debug|ARM.ActiveCfg = Debug|Any CPU
		{94D94806-6CF6-49C8-80A5-B5A7EF1D8E9D}.Debug|ARM.Build.0 = Debug|Any CPU
		{94D94806-6CF6-49C8-80A5-B5A7EF1D8E9D}.Debug|ARM.Deploy.0 = Debug|Any CPU
		{94D94806-6CF6-49C8-80A5-B5A7EF1D8E9D}.Debug|iPhone.ActiveCfg = Debug|Any CPU
		{94D94806-6CF6-49C8-80A5-B5A7EF1D8E9D}.Debug|iPhone.Build.0 = Debug|Any CPU
		{94D94806-6CF6-49C8-80A5-B5A7EF1D8E9D}.Debug|iPhone.Deploy.0 = Debug|Any CPU
		{94D94806-6CF6-49C8-80A5-B5A7EF1D8E9D}.Debug|iPhoneSimulator.ActiveCfg = Debug|Any CPU
		{94D94806-6CF6-49C8-80A5-B5A7EF1D8E9D}.Debug|iPhoneSimulator.Build.0 = Debug|Any CPU
		{94D94806-6CF6-49C8-80A5-B5A7EF1D8E9D}.Debug|iPhoneSimulator.Deploy.0 = Debug|Any CPU
		{94D94806-6CF6-49C8-80A5-B5A7EF1D8E9D}.Debug|x64.ActiveCfg = Debug|Any CPU
		{94D94806-6CF6-49C8-80A5-B5A7EF1D8E9D}.Debug|x64.Build.0 = Debug|Any CPU
		{94D94806-6CF6-49C8-80A5-B5A7EF1D8E9D}.Debug|x64.Deploy.0 = Debug|Any CPU
		{94D94806-6CF6-49C8-80A5-B5A7EF1D8E9D}.Debug|x86.ActiveCfg = Debug|Any CPU
		{94D94806-6CF6-49C8-80A5-B5A7EF1D8E9D}.Debug|x86.Build.0 = Debug|Any CPU
		{94D94806-6CF6-49C8-80A5-B5A7EF1D8E9D}.Debug|x86.Deploy.0 = Debug|Any CPU
		{94D94806-6CF6-49C8-80A5-B5A7EF1D8E9D}.Release|Any CPU.ActiveCfg = Release|Any CPU
		{94D94806-6CF6-49C8-80A5-B5A7EF1D8E9D}.Release|Any CPU.Build.0 = Release|Any CPU
		{94D94806-6CF6-49C8-80A5-B5A7EF1D8E9D}.Release|Any CPU.Deploy.0 = Release|Any CPU
		{94D94806-6CF6-49C8-80A5-B5A7EF1D8E9D}.Release|ARM.ActiveCfg = Release|Any CPU
		{94D94806-6CF6-49C8-80A5-B5A7EF1D8E9D}.Release|ARM.Build.0 = Release|Any CPU
		{94D94806-6CF6-49C8-80A5-B5A7EF1D8E9D}.Release|ARM.Deploy.0 = Release|Any CPU
		{94D94806-6CF6-49C8-80A5-B5A7EF1D8E9D}.Release|iPhone.ActiveCfg = Release|Any CPU
		{94D94806-6CF6-49C8-80A5-B5A7EF1D8E9D}.Release|iPhone.Build.0 = Release|Any CPU
		{94D94806-6CF6-49C8-80A5-B5A7EF1D8E9D}.Release|iPhone.Deploy.0 = Release|Any CPU
		{94D94806-6CF6-49C8-80A5-B5A7EF1D8E9D}.Release|iPhoneSimulator.ActiveCfg = Release|Any CPU
		{94D94806-6CF6-49C8-80A5-B5A7EF1D8E9D}.Release|iPhoneSimulator.Build.0 = Release|Any CPU
		{94D94806-6CF6-49C8-80A5-B5A7EF1D8E9D}.Release|iPhoneSimulator.Deploy.0 = Release|Any CPU
		{94D94806-6CF6-49C8-80A5-B5A7EF1D8E9D}.Release|x64.ActiveCfg = Release|Any CPU
		{94D94806-6CF6-49C8-80A5-B5A7EF1D8E9D}.Release|x64.Build.0 = Release|Any CPU
		{94D94806-6CF6-49C8-80A5-B5A7EF1D8E9D}.Release|x64.Deploy.0 = Release|Any CPU
		{94D94806-6CF6-49C8-80A5-B5A7EF1D8E9D}.Release|x86.ActiveCfg = Release|Any CPU
		{94D94806-6CF6-49C8-80A5-B5A7EF1D8E9D}.Release|x86.Build.0 = Release|Any CPU
		{94D94806-6CF6-49C8-80A5-B5A7EF1D8E9D}.Release|x86.Deploy.0 = Release|Any CPU
		{BA8F4775-8374-4FB5-9E37-312F702DE7C0}.Ad-Hoc|Any CPU.ActiveCfg = Ad-Hoc|iPhone
		{BA8F4775-8374-4FB5-9E37-312F702DE7C0}.Ad-Hoc|Any CPU.Build.0 = Ad-Hoc|iPhone
		{BA8F4775-8374-4FB5-9E37-312F702DE7C0}.Ad-Hoc|Any CPU.Deploy.0 = Ad-Hoc|iPhone
		{BA8F4775-8374-4FB5-9E37-312F702DE7C0}.Ad-Hoc|ARM.ActiveCfg = Ad-Hoc|iPhone
		{BA8F4775-8374-4FB5-9E37-312F702DE7C0}.Ad-Hoc|ARM.Build.0 = Ad-Hoc|iPhone
		{BA8F4775-8374-4FB5-9E37-312F702DE7C0}.Ad-Hoc|ARM.Deploy.0 = Ad-Hoc|iPhone
		{BA8F4775-8374-4FB5-9E37-312F702DE7C0}.Ad-Hoc|iPhone.ActiveCfg = Ad-Hoc|iPhone
		{BA8F4775-8374-4FB5-9E37-312F702DE7C0}.Ad-Hoc|iPhone.Build.0 = Ad-Hoc|iPhone
		{BA8F4775-8374-4FB5-9E37-312F702DE7C0}.Ad-Hoc|iPhone.Deploy.0 = Ad-Hoc|iPhone
		{BA8F4775-8374-4FB5-9E37-312F702DE7C0}.Ad-Hoc|iPhoneSimulator.ActiveCfg = Ad-Hoc|iPhoneSimulator
		{BA8F4775-8374-4FB5-9E37-312F702DE7C0}.Ad-Hoc|iPhoneSimulator.Build.0 = Ad-Hoc|iPhoneSimulator
		{BA8F4775-8374-4FB5-9E37-312F702DE7C0}.Ad-Hoc|iPhoneSimulator.Deploy.0 = Ad-Hoc|iPhoneSimulator
		{BA8F4775-8374-4FB5-9E37-312F702DE7C0}.Ad-Hoc|x64.ActiveCfg = Ad-Hoc|iPhone
		{BA8F4775-8374-4FB5-9E37-312F702DE7C0}.Ad-Hoc|x64.Build.0 = Ad-Hoc|iPhone
		{BA8F4775-8374-4FB5-9E37-312F702DE7C0}.Ad-Hoc|x64.Deploy.0 = Ad-Hoc|iPhone
		{BA8F4775-8374-4FB5-9E37-312F702DE7C0}.Ad-Hoc|x86.ActiveCfg = Ad-Hoc|iPhone
		{BA8F4775-8374-4FB5-9E37-312F702DE7C0}.Ad-Hoc|x86.Build.0 = Ad-Hoc|iPhone
		{BA8F4775-8374-4FB5-9E37-312F702DE7C0}.Ad-Hoc|x86.Deploy.0 = Ad-Hoc|iPhone
		{BA8F4775-8374-4FB5-9E37-312F702DE7C0}.AppStore|Any CPU.ActiveCfg = AppStore|iPhone
		{BA8F4775-8374-4FB5-9E37-312F702DE7C0}.AppStore|Any CPU.Build.0 = AppStore|iPhone
		{BA8F4775-8374-4FB5-9E37-312F702DE7C0}.AppStore|Any CPU.Deploy.0 = AppStore|iPhone
		{BA8F4775-8374-4FB5-9E37-312F702DE7C0}.AppStore|ARM.ActiveCfg = AppStore|iPhone
		{BA8F4775-8374-4FB5-9E37-312F702DE7C0}.AppStore|ARM.Build.0 = AppStore|iPhone
		{BA8F4775-8374-4FB5-9E37-312F702DE7C0}.AppStore|ARM.Deploy.0 = AppStore|iPhone
		{BA8F4775-8374-4FB5-9E37-312F702DE7C0}.AppStore|iPhone.ActiveCfg = AppStore|iPhone
		{BA8F4775-8374-4FB5-9E37-312F702DE7C0}.AppStore|iPhone.Build.0 = AppStore|iPhone
		{BA8F4775-8374-4FB5-9E37-312F702DE7C0}.AppStore|iPhone.Deploy.0 = AppStore|iPhone
		{BA8F4775-8374-4FB5-9E37-312F702DE7C0}.AppStore|iPhoneSimulator.ActiveCfg = AppStore|iPhoneSimulator
		{BA8F4775-8374-4FB5-9E37-312F702DE7C0}.AppStore|iPhoneSimulator.Build.0 = AppStore|iPhoneSimulator
		{BA8F4775-8374-4FB5-9E37-312F702DE7C0}.AppStore|iPhoneSimulator.Deploy.0 = AppStore|iPhoneSimulator
		{BA8F4775-8374-4FB5-9E37-312F702DE7C0}.AppStore|x64.ActiveCfg = AppStore|iPhone
		{BA8F4775-8374-4FB5-9E37-312F702DE7C0}.AppStore|x64.Build.0 = AppStore|iPhone
		{BA8F4775-8374-4FB5-9E37-312F702DE7C0}.AppStore|x64.Deploy.0 = AppStore|iPhone
		{BA8F4775-8374-4FB5-9E37-312F702DE7C0}.AppStore|x86.ActiveCfg = AppStore|iPhone
		{BA8F4775-8374-4FB5-9E37-312F702DE7C0}.AppStore|x86.Build.0 = AppStore|iPhone
		{BA8F4775-8374-4FB5-9E37-312F702DE7C0}.AppStore|x86.Deploy.0 = AppStore|iPhone
		{BA8F4775-8374-4FB5-9E37-312F702DE7C0}.Debug|Any CPU.ActiveCfg = Debug|iPhoneSimulator
		{BA8F4775-8374-4FB5-9E37-312F702DE7C0}.Debug|Any CPU.Build.0 = Debug|iPhoneSimulator
		{BA8F4775-8374-4FB5-9E37-312F702DE7C0}.Debug|Any CPU.Deploy.0 = Debug|iPhoneSimulator
		{BA8F4775-8374-4FB5-9E37-312F702DE7C0}.Debug|ARM.ActiveCfg = Debug|iPhone
		{BA8F4775-8374-4FB5-9E37-312F702DE7C0}.Debug|ARM.Build.0 = Debug|iPhone
		{BA8F4775-8374-4FB5-9E37-312F702DE7C0}.Debug|ARM.Deploy.0 = Debug|iPhone
		{BA8F4775-8374-4FB5-9E37-312F702DE7C0}.Debug|iPhone.ActiveCfg = Debug|iPhone
		{BA8F4775-8374-4FB5-9E37-312F702DE7C0}.Debug|iPhone.Build.0 = Debug|iPhone
		{BA8F4775-8374-4FB5-9E37-312F702DE7C0}.Debug|iPhone.Deploy.0 = Debug|iPhone
		{BA8F4775-8374-4FB5-9E37-312F702DE7C0}.Debug|iPhoneSimulator.ActiveCfg = Debug|iPhoneSimulator
		{BA8F4775-8374-4FB5-9E37-312F702DE7C0}.Debug|iPhoneSimulator.Build.0 = Debug|iPhoneSimulator
		{BA8F4775-8374-4FB5-9E37-312F702DE7C0}.Debug|iPhoneSimulator.Deploy.0 = Debug|iPhoneSimulator
		{BA8F4775-8374-4FB5-9E37-312F702DE7C0}.Debug|x64.ActiveCfg = Debug|iPhone
		{BA8F4775-8374-4FB5-9E37-312F702DE7C0}.Debug|x64.Build.0 = Debug|iPhone
		{BA8F4775-8374-4FB5-9E37-312F702DE7C0}.Debug|x64.Deploy.0 = Debug|iPhone
		{BA8F4775-8374-4FB5-9E37-312F702DE7C0}.Debug|x86.ActiveCfg = Debug|iPhone
		{BA8F4775-8374-4FB5-9E37-312F702DE7C0}.Debug|x86.Build.0 = Debug|iPhone
		{BA8F4775-8374-4FB5-9E37-312F702DE7C0}.Debug|x86.Deploy.0 = Debug|iPhone
		{BA8F4775-8374-4FB5-9E37-312F702DE7C0}.Release|Any CPU.ActiveCfg = Release|iPhone
		{BA8F4775-8374-4FB5-9E37-312F702DE7C0}.Release|Any CPU.Build.0 = Release|iPhone
		{BA8F4775-8374-4FB5-9E37-312F702DE7C0}.Release|Any CPU.Deploy.0 = Release|iPhone
		{BA8F4775-8374-4FB5-9E37-312F702DE7C0}.Release|ARM.ActiveCfg = Release|iPhone
		{BA8F4775-8374-4FB5-9E37-312F702DE7C0}.Release|ARM.Build.0 = Release|iPhone
		{BA8F4775-8374-4FB5-9E37-312F702DE7C0}.Release|ARM.Deploy.0 = Release|iPhone
		{BA8F4775-8374-4FB5-9E37-312F702DE7C0}.Release|iPhone.ActiveCfg = Release|iPhone
		{BA8F4775-8374-4FB5-9E37-312F702DE7C0}.Release|iPhone.Build.0 = Release|iPhone
		{BA8F4775-8374-4FB5-9E37-312F702DE7C0}.Release|iPhone.Deploy.0 = Release|iPhone
		{BA8F4775-8374-4FB5-9E37-312F702DE7C0}.Release|iPhoneSimulator.ActiveCfg = Release|iPhoneSimulator
		{BA8F4775-8374-4FB5-9E37-312F702DE7C0}.Release|iPhoneSimulator.Build.0 = Release|iPhoneSimulator
		{BA8F4775-8374-4FB5-9E37-312F702DE7C0}.Release|iPhoneSimulator.Deploy.0 = Release|iPhoneSimulator
		{BA8F4775-8374-4FB5-9E37-312F702DE7C0}.Release|x64.ActiveCfg = Release|iPhone
		{BA8F4775-8374-4FB5-9E37-312F702DE7C0}.Release|x64.Build.0 = Release|iPhone
		{BA8F4775-8374-4FB5-9E37-312F702DE7C0}.Release|x64.Deploy.0 = Release|iPhone
		{BA8F4775-8374-4FB5-9E37-312F702DE7C0}.Release|x86.ActiveCfg = Release|iPhone
		{BA8F4775-8374-4FB5-9E37-312F702DE7C0}.Release|x86.Build.0 = Release|iPhone
		{BA8F4775-8374-4FB5-9E37-312F702DE7C0}.Release|x86.Deploy.0 = Release|iPhone
		{200DAAF4-8CE5-4391-BA23-9D64EB875B54}.Ad-Hoc|Any CPU.ActiveCfg = Release|x86
		{200DAAF4-8CE5-4391-BA23-9D64EB875B54}.Ad-Hoc|Any CPU.Build.0 = Release|x86
		{200DAAF4-8CE5-4391-BA23-9D64EB875B54}.Ad-Hoc|Any CPU.Deploy.0 = Release|x86
		{200DAAF4-8CE5-4391-BA23-9D64EB875B54}.Ad-Hoc|ARM.ActiveCfg = Release|ARM
		{200DAAF4-8CE5-4391-BA23-9D64EB875B54}.Ad-Hoc|ARM.Build.0 = Release|ARM
		{200DAAF4-8CE5-4391-BA23-9D64EB875B54}.Ad-Hoc|ARM.Deploy.0 = Release|ARM
		{200DAAF4-8CE5-4391-BA23-9D64EB875B54}.Ad-Hoc|iPhone.ActiveCfg = Release|x86
		{200DAAF4-8CE5-4391-BA23-9D64EB875B54}.Ad-Hoc|iPhone.Build.0 = Release|x86
		{200DAAF4-8CE5-4391-BA23-9D64EB875B54}.Ad-Hoc|iPhone.Deploy.0 = Release|x86
		{200DAAF4-8CE5-4391-BA23-9D64EB875B54}.Ad-Hoc|iPhoneSimulator.ActiveCfg = Release|x86
		{200DAAF4-8CE5-4391-BA23-9D64EB875B54}.Ad-Hoc|iPhoneSimulator.Build.0 = Release|x86
		{200DAAF4-8CE5-4391-BA23-9D64EB875B54}.Ad-Hoc|iPhoneSimulator.Deploy.0 = Release|x86
		{200DAAF4-8CE5-4391-BA23-9D64EB875B54}.Ad-Hoc|x64.ActiveCfg = Release|x64
		{200DAAF4-8CE5-4391-BA23-9D64EB875B54}.Ad-Hoc|x64.Build.0 = Release|x64
		{200DAAF4-8CE5-4391-BA23-9D64EB875B54}.Ad-Hoc|x64.Deploy.0 = Release|x64
		{200DAAF4-8CE5-4391-BA23-9D64EB875B54}.Ad-Hoc|x86.ActiveCfg = Release|x86
		{200DAAF4-8CE5-4391-BA23-9D64EB875B54}.Ad-Hoc|x86.Build.0 = Release|x86
		{200DAAF4-8CE5-4391-BA23-9D64EB875B54}.Ad-Hoc|x86.Deploy.0 = Release|x86
		{200DAAF4-8CE5-4391-BA23-9D64EB875B54}.AppStore|Any CPU.ActiveCfg = Release|x86
		{200DAAF4-8CE5-4391-BA23-9D64EB875B54}.AppStore|Any CPU.Build.0 = Release|x86
		{200DAAF4-8CE5-4391-BA23-9D64EB875B54}.AppStore|Any CPU.Deploy.0 = Release|x86
		{200DAAF4-8CE5-4391-BA23-9D64EB875B54}.AppStore|ARM.ActiveCfg = Release|ARM
		{200DAAF4-8CE5-4391-BA23-9D64EB875B54}.AppStore|ARM.Build.0 = Release|ARM
		{200DAAF4-8CE5-4391-BA23-9D64EB875B54}.AppStore|ARM.Deploy.0 = Release|ARM
		{200DAAF4-8CE5-4391-BA23-9D64EB875B54}.AppStore|iPhone.ActiveCfg = Release|x86
		{200DAAF4-8CE5-4391-BA23-9D64EB875B54}.AppStore|iPhone.Build.0 = Release|x86
		{200DAAF4-8CE5-4391-BA23-9D64EB875B54}.AppStore|iPhone.Deploy.0 = Release|x86
		{200DAAF4-8CE5-4391-BA23-9D64EB875B54}.AppStore|iPhoneSimulator.ActiveCfg = Release|x86
		{200DAAF4-8CE5-4391-BA23-9D64EB875B54}.AppStore|iPhoneSimulator.Build.0 = Release|x86
		{200DAAF4-8CE5-4391-BA23-9D64EB875B54}.AppStore|iPhoneSimulator.Deploy.0 = Release|x86
		{200DAAF4-8CE5-4391-BA23-9D64EB875B54}.AppStore|x64.ActiveCfg = Release|x64
		{200DAAF4-8CE5-4391-BA23-9D64EB875B54}.AppStore|x64.Build.0 = Release|x64
		{200DAAF4-8CE5-4391-BA23-9D64EB875B54}.AppStore|x64.Deploy.0 = Release|x64
		{200DAAF4-8CE5-4391-BA23-9D64EB875B54}.AppStore|x86.ActiveCfg = Release|x86
		{200DAAF4-8CE5-4391-BA23-9D64EB875B54}.AppStore|x86.Build.0 = Release|x86
		{200DAAF4-8CE5-4391-BA23-9D64EB875B54}.AppStore|x86.Deploy.0 = Release|x86
		{200DAAF4-8CE5-4391-BA23-9D64EB875B54}.Debug|Any CPU.ActiveCfg = Debug|x86
		{200DAAF4-8CE5-4391-BA23-9D64EB875B54}.Debug|Any CPU.Build.0 = Debug|x86
		{200DAAF4-8CE5-4391-BA23-9D64EB875B54}.Debug|Any CPU.Deploy.0 = Debug|x86
		{200DAAF4-8CE5-4391-BA23-9D64EB875B54}.Debug|ARM.ActiveCfg = Debug|ARM
		{200DAAF4-8CE5-4391-BA23-9D64EB875B54}.Debug|ARM.Build.0 = Debug|ARM
		{200DAAF4-8CE5-4391-BA23-9D64EB875B54}.Debug|ARM.Deploy.0 = Debug|ARM
		{200DAAF4-8CE5-4391-BA23-9D64EB875B54}.Debug|iPhone.ActiveCfg = Debug|x86
		{200DAAF4-8CE5-4391-BA23-9D64EB875B54}.Debug|iPhone.Build.0 = Debug|x86
		{200DAAF4-8CE5-4391-BA23-9D64EB875B54}.Debug|iPhone.Deploy.0 = Debug|x86
		{200DAAF4-8CE5-4391-BA23-9D64EB875B54}.Debug|iPhoneSimulator.ActiveCfg = Debug|x86
		{200DAAF4-8CE5-4391-BA23-9D64EB875B54}.Debug|iPhoneSimulator.Build.0 = Debug|x86
		{200DAAF4-8CE5-4391-BA23-9D64EB875B54}.Debug|iPhoneSimulator.Deploy.0 = Debug|x86
		{200DAAF4-8CE5-4391-BA23-9D64EB875B54}.Debug|x64.ActiveCfg = Debug|x64
		{200DAAF4-8CE5-4391-BA23-9D64EB875B54}.Debug|x64.Build.0 = Debug|x64
		{200DAAF4-8CE5-4391-BA23-9D64EB875B54}.Debug|x64.Deploy.0 = Debug|x64
		{200DAAF4-8CE5-4391-BA23-9D64EB875B54}.Debug|x86.ActiveCfg = Debug|x86
		{200DAAF4-8CE5-4391-BA23-9D64EB875B54}.Debug|x86.Build.0 = Debug|x86
		{200DAAF4-8CE5-4391-BA23-9D64EB875B54}.Debug|x86.Deploy.0 = Debug|x86
		{200DAAF4-8CE5-4391-BA23-9D64EB875B54}.Release|Any CPU.ActiveCfg = Release|x86
		{200DAAF4-8CE5-4391-BA23-9D64EB875B54}.Release|Any CPU.Build.0 = Release|x86
		{200DAAF4-8CE5-4391-BA23-9D64EB875B54}.Release|Any CPU.Deploy.0 = Release|x86
		{200DAAF4-8CE5-4391-BA23-9D64EB875B54}.Release|ARM.ActiveCfg = Release|ARM
		{200DAAF4-8CE5-4391-BA23-9D64EB875B54}.Release|ARM.Build.0 = Release|ARM
		{200DAAF4-8CE5-4391-BA23-9D64EB875B54}.Release|ARM.Deploy.0 = Release|ARM
		{200DAAF4-8CE5-4391-BA23-9D64EB875B54}.Release|iPhone.ActiveCfg = Release|x86
		{200DAAF4-8CE5-4391-BA23-9D64EB875B54}.Release|iPhone.Build.0 = Release|x86
		{200DAAF4-8CE5-4391-BA23-9D64EB875B54}.Release|iPhone.Deploy.0 = Release|x86
		{200DAAF4-8CE5-4391-BA23-9D64EB875B54}.Release|iPhoneSimulator.ActiveCfg = Release|x86
		{200DAAF4-8CE5-4391-BA23-9D64EB875B54}.Release|iPhoneSimulator.Build.0 = Release|x86
		{200DAAF4-8CE5-4391-BA23-9D64EB875B54}.Release|iPhoneSimulator.Deploy.0 = Release|x86
		{200DAAF4-8CE5-4391-BA23-9D64EB875B54}.Release|x64.ActiveCfg = Release|x64
		{200DAAF4-8CE5-4391-BA23-9D64EB875B54}.Release|x64.Build.0 = Release|x64
		{200DAAF4-8CE5-4391-BA23-9D64EB875B54}.Release|x64.Deploy.0 = Release|x64
		{200DAAF4-8CE5-4391-BA23-9D64EB875B54}.Release|x86.ActiveCfg = Release|x86
		{200DAAF4-8CE5-4391-BA23-9D64EB875B54}.Release|x86.Build.0 = Release|x86
		{200DAAF4-8CE5-4391-BA23-9D64EB875B54}.Release|x86.Deploy.0 = Release|x86
		{2CA5FF70-0015-463D-952B-3DC2B4404170}.Ad-Hoc|Any CPU.ActiveCfg = Debug|Any CPU
		{2CA5FF70-0015-463D-952B-3DC2B4404170}.Ad-Hoc|Any CPU.Build.0 = Debug|Any CPU
		{2CA5FF70-0015-463D-952B-3DC2B4404170}.Ad-Hoc|Any CPU.Deploy.0 = Debug|Any CPU
		{2CA5FF70-0015-463D-952B-3DC2B4404170}.Ad-Hoc|ARM.ActiveCfg = Debug|Any CPU
		{2CA5FF70-0015-463D-952B-3DC2B4404170}.Ad-Hoc|ARM.Build.0 = Debug|Any CPU
		{2CA5FF70-0015-463D-952B-3DC2B4404170}.Ad-Hoc|ARM.Deploy.0 = Debug|Any CPU
		{2CA5FF70-0015-463D-952B-3DC2B4404170}.Ad-Hoc|iPhone.ActiveCfg = Debug|Any CPU
		{2CA5FF70-0015-463D-952B-3DC2B4404170}.Ad-Hoc|iPhone.Build.0 = Debug|Any CPU
		{2CA5FF70-0015-463D-952B-3DC2B4404170}.Ad-Hoc|iPhone.Deploy.0 = Debug|Any CPU
		{2CA5FF70-0015-463D-952B-3DC2B4404170}.Ad-Hoc|iPhoneSimulator.ActiveCfg = Debug|Any CPU
		{2CA5FF70-0015-463D-952B-3DC2B4404170}.Ad-Hoc|iPhoneSimulator.Build.0 = Debug|Any CPU
		{2CA5FF70-0015-463D-952B-3DC2B4404170}.Ad-Hoc|iPhoneSimulator.Deploy.0 = Debug|Any CPU
		{2CA5FF70-0015-463D-952B-3DC2B4404170}.Ad-Hoc|x64.ActiveCfg = Debug|Any CPU
		{2CA5FF70-0015-463D-952B-3DC2B4404170}.Ad-Hoc|x64.Build.0 = Debug|Any CPU
		{2CA5FF70-0015-463D-952B-3DC2B4404170}.Ad-Hoc|x64.Deploy.0 = Debug|Any CPU
		{2CA5FF70-0015-463D-952B-3DC2B4404170}.Ad-Hoc|x86.ActiveCfg = Debug|Any CPU
		{2CA5FF70-0015-463D-952B-3DC2B4404170}.Ad-Hoc|x86.Build.0 = Debug|Any CPU
		{2CA5FF70-0015-463D-952B-3DC2B4404170}.Ad-Hoc|x86.Deploy.0 = Debug|Any CPU
		{2CA5FF70-0015-463D-952B-3DC2B4404170}.AppStore|Any CPU.ActiveCfg = Debug|Any CPU
		{2CA5FF70-0015-463D-952B-3DC2B4404170}.AppStore|Any CPU.Build.0 = Debug|Any CPU
		{2CA5FF70-0015-463D-952B-3DC2B4404170}.AppStore|Any CPU.Deploy.0 = Debug|Any CPU
		{2CA5FF70-0015-463D-952B-3DC2B4404170}.AppStore|ARM.ActiveCfg = Debug|Any CPU
		{2CA5FF70-0015-463D-952B-3DC2B4404170}.AppStore|ARM.Build.0 = Debug|Any CPU
		{2CA5FF70-0015-463D-952B-3DC2B4404170}.AppStore|ARM.Deploy.0 = Debug|Any CPU
		{2CA5FF70-0015-463D-952B-3DC2B4404170}.AppStore|iPhone.ActiveCfg = Debug|Any CPU
		{2CA5FF70-0015-463D-952B-3DC2B4404170}.AppStore|iPhone.Build.0 = Debug|Any CPU
		{2CA5FF70-0015-463D-952B-3DC2B4404170}.AppStore|iPhone.Deploy.0 = Debug|Any CPU
		{2CA5FF70-0015-463D-952B-3DC2B4404170}.AppStore|iPhoneSimulator.ActiveCfg = Debug|Any CPU
		{2CA5FF70-0015-463D-952B-3DC2B4404170}.AppStore|iPhoneSimulator.Build.0 = Debug|Any CPU
		{2CA5FF70-0015-463D-952B-3DC2B4404170}.AppStore|iPhoneSimulator.Deploy.0 = Debug|Any CPU
		{2CA5FF70-0015-463D-952B-3DC2B4404170}.AppStore|x64.ActiveCfg = Debug|Any CPU
		{2CA5FF70-0015-463D-952B-3DC2B4404170}.AppStore|x64.Build.0 = Debug|Any CPU
		{2CA5FF70-0015-463D-952B-3DC2B4404170}.AppStore|x64.Deploy.0 = Debug|Any CPU
		{2CA5FF70-0015-463D-952B-3DC2B4404170}.AppStore|x86.ActiveCfg = Debug|Any CPU
		{2CA5FF70-0015-463D-952B-3DC2B4404170}.AppStore|x86.Build.0 = Debug|Any CPU
		{2CA5FF70-0015-463D-952B-3DC2B4404170}.AppStore|x86.Deploy.0 = Debug|Any CPU
		{2CA5FF70-0015-463D-952B-3DC2B4404170}.Debug|Any CPU.ActiveCfg = Debug|Any CPU
		{2CA5FF70-0015-463D-952B-3DC2B4404170}.Debug|Any CPU.Build.0 = Debug|Any CPU
		{2CA5FF70-0015-463D-952B-3DC2B4404170}.Debug|Any CPU.Deploy.0 = Debug|Any CPU
		{2CA5FF70-0015-463D-952B-3DC2B4404170}.Debug|ARM.ActiveCfg = Debug|Any CPU
		{2CA5FF70-0015-463D-952B-3DC2B4404170}.Debug|ARM.Build.0 = Debug|Any CPU
		{2CA5FF70-0015-463D-952B-3DC2B4404170}.Debug|ARM.Deploy.0 = Debug|Any CPU
		{2CA5FF70-0015-463D-952B-3DC2B4404170}.Debug|iPhone.ActiveCfg = Debug|Any CPU
		{2CA5FF70-0015-463D-952B-3DC2B4404170}.Debug|iPhone.Build.0 = Debug|Any CPU
		{2CA5FF70-0015-463D-952B-3DC2B4404170}.Debug|iPhone.Deploy.0 = Debug|Any CPU
		{2CA5FF70-0015-463D-952B-3DC2B4404170}.Debug|iPhoneSimulator.ActiveCfg = Debug|Any CPU
		{2CA5FF70-0015-463D-952B-3DC2B4404170}.Debug|iPhoneSimulator.Build.0 = Debug|Any CPU
		{2CA5FF70-0015-463D-952B-3DC2B4404170}.Debug|iPhoneSimulator.Deploy.0 = Debug|Any CPU
		{2CA5FF70-0015-463D-952B-3DC2B4404170}.Debug|x64.ActiveCfg = Debug|Any CPU
		{2CA5FF70-0015-463D-952B-3DC2B4404170}.Debug|x64.Build.0 = Debug|Any CPU
		{2CA5FF70-0015-463D-952B-3DC2B4404170}.Debug|x64.Deploy.0 = Debug|Any CPU
		{2CA5FF70-0015-463D-952B-3DC2B4404170}.Debug|x86.ActiveCfg = Debug|Any CPU
		{2CA5FF70-0015-463D-952B-3DC2B4404170}.Debug|x86.Build.0 = Debug|Any CPU
		{2CA5FF70-0015-463D-952B-3DC2B4404170}.Debug|x86.Deploy.0 = Debug|Any CPU
		{2CA5FF70-0015-463D-952B-3DC2B4404170}.Release|Any CPU.ActiveCfg = Release|Any CPU
		{2CA5FF70-0015-463D-952B-3DC2B4404170}.Release|Any CPU.Build.0 = Release|Any CPU
		{2CA5FF70-0015-463D-952B-3DC2B4404170}.Release|Any CPU.Deploy.0 = Release|Any CPU
		{2CA5FF70-0015-463D-952B-3DC2B4404170}.Release|ARM.ActiveCfg = Release|Any CPU
		{2CA5FF70-0015-463D-952B-3DC2B4404170}.Release|ARM.Build.0 = Release|Any CPU
		{2CA5FF70-0015-463D-952B-3DC2B4404170}.Release|ARM.Deploy.0 = Release|Any CPU
		{2CA5FF70-0015-463D-952B-3DC2B4404170}.Release|iPhone.ActiveCfg = Release|Any CPU
		{2CA5FF70-0015-463D-952B-3DC2B4404170}.Release|iPhone.Build.0 = Release|Any CPU
		{2CA5FF70-0015-463D-952B-3DC2B4404170}.Release|iPhone.Deploy.0 = Release|Any CPU
		{2CA5FF70-0015-463D-952B-3DC2B4404170}.Release|iPhoneSimulator.ActiveCfg = Release|Any CPU
		{2CA5FF70-0015-463D-952B-3DC2B4404170}.Release|iPhoneSimulator.Build.0 = Release|Any CPU
		{2CA5FF70-0015-463D-952B-3DC2B4404170}.Release|iPhoneSimulator.Deploy.0 = Release|Any CPU
		{2CA5FF70-0015-463D-952B-3DC2B4404170}.Release|x64.ActiveCfg = Release|Any CPU
		{2CA5FF70-0015-463D-952B-3DC2B4404170}.Release|x64.Build.0 = Release|Any CPU
		{2CA5FF70-0015-463D-952B-3DC2B4404170}.Release|x64.Deploy.0 = Release|Any CPU
		{2CA5FF70-0015-463D-952B-3DC2B4404170}.Release|x86.ActiveCfg = Release|Any CPU
		{2CA5FF70-0015-463D-952B-3DC2B4404170}.Release|x86.Build.0 = Release|Any CPU
		{2CA5FF70-0015-463D-952B-3DC2B4404170}.Release|x86.Deploy.0 = Release|Any CPU
	EndGlobalSection
	GlobalSection(SolutionProperties) = preSolution
		HideSolutionNode = FALSE
	EndGlobalSection
	GlobalSection(ExtensibilityGlobals) = postSolution
		SolutionGuid = {85D530AD-E322-4858-9A40-6E27CA55527F}
	EndGlobalSection
EndGlobal
